// !$*UTF8*$!
{
	archiveVersion = 1;
	classes = {
	};
	objectVersion = 48;
	objects = {

/* Begin PBXBuildFile section */
		110CC75F1F9849030090C6C0 /* SFMenuReportesViewController.m in Sources */ = {isa = PBXBuildFile; fileRef = 110CC75E1F9849030090C6C0 /* SFMenuReportesViewController.m */; };
		110CC7621F9854200090C6C0 /* SolicitudRegistrarUsuario.m in Sources */ = {isa = PBXBuildFile; fileRef = 110CC7611F9854200090C6C0 /* SolicitudRegistrarUsuario.m */; };
		1116BA321F8C5866005C9AFF /* AppDelegate.m in Sources */ = {isa = PBXBuildFile; fileRef = 1116BA311F8C5866005C9AFF /* AppDelegate.m */; };
		1116BA381F8C5866005C9AFF /* Main.storyboard in Resources */ = {isa = PBXBuildFile; fileRef = 1116BA361F8C5866005C9AFF /* Main.storyboard */; };
		1116BA3A1F8C5866005C9AFF /* Assets.xcassets in Resources */ = {isa = PBXBuildFile; fileRef = 1116BA391F8C5866005C9AFF /* Assets.xcassets */; };
		1116BA3D1F8C5866005C9AFF /* LaunchScreen.storyboard in Resources */ = {isa = PBXBuildFile; fileRef = 1116BA3B1F8C5866005C9AFF /* LaunchScreen.storyboard */; };
		1116BA401F8C5866005C9AFF /* main.m in Sources */ = {isa = PBXBuildFile; fileRef = 1116BA3F1F8C5866005C9AFF /* main.m */; };
		1116BA4A1F8C5866005C9AFF /* Smart_Farming_AppTests.m in Sources */ = {isa = PBXBuildFile; fileRef = 1116BA491F8C5866005C9AFF /* Smart_Farming_AppTests.m */; };
		1116BA551F8C5866005C9AFF /* Smart_Farming_AppUITests.m in Sources */ = {isa = PBXBuildFile; fileRef = 1116BA541F8C5866005C9AFF /* Smart_Farming_AppUITests.m */; };
		1116BA771F8C5A2C005C9AFF /* ContextoUsuario.m in Sources */ = {isa = PBXBuildFile; fileRef = 1116BA671F8C5A2B005C9AFF /* ContextoUsuario.m */; };
		1116BA7A1F8C5A2C005C9AFF /* ServiciosModuloSeguridad.m in Sources */ = {isa = PBXBuildFile; fileRef = 1116BA6B1F8C5A2C005C9AFF /* ServiciosModuloSeguridad.m */; };
		1116BA7B1F8C5A2C005C9AFF /* SFConstantesComunes.m in Sources */ = {isa = PBXBuildFile; fileRef = 1116BA6D1F8C5A2C005C9AFF /* SFConstantesComunes.m */; };
		1116BA7D1F8C5A2C005C9AFF /* HTTPConector.m in Sources */ = {isa = PBXBuildFile; fileRef = 1116BA711F8C5A2C005C9AFF /* HTTPConector.m */; };
		1116BA7E1F8C5A2C005C9AFF /* ServiciosModuloFinca.m in Sources */ = {isa = PBXBuildFile; fileRef = 1116BA731F8C5A2C005C9AFF /* ServiciosModuloFinca.m */; };
		1116BA7F1F8C5A2C005C9AFF /* BaseServicios.m in Sources */ = {isa = PBXBuildFile; fileRef = 1116BA751F8C5A2C005C9AFF /* BaseServicios.m */; };
		1116BA861F8C6B7D005C9AFF /* SFActivityIndicator.m in Sources */ = {isa = PBXBuildFile; fileRef = 1116BA851F8C6B7D005C9AFF /* SFActivityIndicator.m */; };
		1116BA8B1F8C6D09005C9AFF /* SFViewControllerBase.m in Sources */ = {isa = PBXBuildFile; fileRef = 1116BA8A1F8C6D09005C9AFF /* SFViewControllerBase.m */; };
		1116BA931F8C7490005C9AFF /* SFUtils.m in Sources */ = {isa = PBXBuildFile; fileRef = 1116BA921F8C7490005C9AFF /* SFUtils.m */; };
		1116D6C01F9390DE0088D61B /* SFFincasPendientesViewController.m in Sources */ = {isa = PBXBuildFile; fileRef = 1116D6BF1F9390DE0088D61B /* SFFincasPendientesViewController.m */; };
		1116D6C41F940E310088D61B /* RespuestaBuscarRoles.m in Sources */ = {isa = PBXBuildFile; fileRef = 1116D6C31F940E310088D61B /* RespuestaBuscarRoles.m */; };
		1116D6C81F9433020088D61B /* SFFincaTableViewCell.m in Sources */ = {isa = PBXBuildFile; fileRef = 1116D6C71F9433020088D61B /* SFFincaTableViewCell.m */; };
		1116D6D91F94424F0088D61B /* UIViewController+LGSideMenuController.m in Sources */ = {isa = PBXBuildFile; fileRef = 1116D6CB1F94424E0088D61B /* UIViewController+LGSideMenuController.m */; };
		1116D6DA1F94424F0088D61B /* LGSideMenuController.m in Sources */ = {isa = PBXBuildFile; fileRef = 1116D6CC1F94424E0088D61B /* LGSideMenuController.m */; };
		1116D6DB1F94424F0088D61B /* LGSideMenuGesturesHandler.m in Sources */ = {isa = PBXBuildFile; fileRef = 1116D6CF1F94424E0088D61B /* LGSideMenuGesturesHandler.m */; };
		1116D6DC1F94424F0088D61B /* LGSideMenuHelper.m in Sources */ = {isa = PBXBuildFile; fileRef = 1116D6D01F94424E0088D61B /* LGSideMenuHelper.m */; };
		1116D6DD1F94424F0088D61B /* LGSideMenuSegue.m in Sources */ = {isa = PBXBuildFile; fileRef = 1116D6D41F94424E0088D61B /* LGSideMenuSegue.m */; };
		1116D6DE1F94424F0088D61B /* LGSideMenuView.m in Sources */ = {isa = PBXBuildFile; fileRef = 1116D6D51F94424E0088D61B /* LGSideMenuView.m */; };
		1116D6DF1F94424F0088D61B /* LGSideMenuBorderView.m in Sources */ = {isa = PBXBuildFile; fileRef = 1116D6D61F94424F0088D61B /* LGSideMenuBorderView.m */; };
		1116D6E21F9444890088D61B /* FincaLeftMenuTableViewController.m in Sources */ = {isa = PBXBuildFile; fileRef = 1116D6E11F9444890088D61B /* FincaLeftMenuTableViewController.m */; };
		1116D6E51F94449A0088D61B /* FincaRightMenuTableViewController.m in Sources */ = {isa = PBXBuildFile; fileRef = 1116D6E41F94449A0088D61B /* FincaRightMenuTableViewController.m */; };
		1116D6EB1F9451F70088D61B /* SFInformacionFincaActivadaViewController.m in Sources */ = {isa = PBXBuildFile; fileRef = 1116D6EA1F9451F70088D61B /* SFInformacionFincaActivadaViewController.m */; };
		1116D6EE1F94565F0088D61B /* SFNavegarASeccionFincaSegue.m in Sources */ = {isa = PBXBuildFile; fileRef = 1116D6ED1F94565F0088D61B /* SFNavegarASeccionFincaSegue.m */; };
		1116DA961F906A370057A048 /* RespuestaInicioSesion.m in Sources */ = {isa = PBXBuildFile; fileRef = 1116DA951F906A370057A048 /* RespuestaInicioSesion.m */; };
		1116DA9B1F906F8C0057A048 /* RespuestaMostrarFincas.m in Sources */ = {isa = PBXBuildFile; fileRef = 1116DA9A1F906F8C0057A048 /* RespuestaMostrarFincas.m */; };
		1116DA9F1F90726C0057A048 /* ServiciosModuloRiego.m in Sources */ = {isa = PBXBuildFile; fileRef = 1116DA9E1F90726C0057A048 /* ServiciosModuloRiego.m */; };
		111D1DBD1F92DE9E00E3A168 /* SFFincasEncargadoViewController.m in Sources */ = {isa = PBXBuildFile; fileRef = 111D1DBC1F92DE9E00E3A168 /* SFFincasEncargadoViewController.m */; };
		111D1DC01F92DEBC00E3A168 /* SFFincasOtrosRolesViewController.m in Sources */ = {isa = PBXBuildFile; fileRef = 111D1DBF1F92DEBC00E3A168 /* SFFincasOtrosRolesViewController.m */; };
		111D1DC31F92E01100E3A168 /* SFTableViewControllerBase.m in Sources */ = {isa = PBXBuildFile; fileRef = 111D1DC21F92E01100E3A168 /* SFTableViewControllerBase.m */; };
		111D1DC71F92F4B600E3A168 /* SFFinca.m in Sources */ = {isa = PBXBuildFile; fileRef = 111D1DC61F92F4B600E3A168 /* SFFinca.m */; };
		111D1DCA1F92FA7500E3A168 /* SFSectorFinca.m in Sources */ = {isa = PBXBuildFile; fileRef = 111D1DC91F92FA7500E3A168 /* SFSectorFinca.m */; };
		111F7E0B1F94ED0A002615D5 /* SFPerfilUsuarioViewController.m in Sources */ = {isa = PBXBuildFile; fileRef = 111F7E0A1F94ED0A002615D5 /* SFPerfilUsuarioViewController.m */; };
		111F7E0E1F94FE4F002615D5 /* RespuestaMostrarUsuario.m in Sources */ = {isa = PBXBuildFile; fileRef = 111F7E0D1F94FE4F002615D5 /* RespuestaMostrarUsuario.m */; };
		111F7E111F951459002615D5 /* SFNavegarEstadoNoAutenticadoSegue.m in Sources */ = {isa = PBXBuildFile; fileRef = 111F7E101F951459002615D5 /* SFNavegarEstadoNoAutenticadoSegue.m */; };
		111F8F0F1F95AF2400AB7E8F /* SFRecuperarCuentaNuevaContraseniaViewController.m in Sources */ = {isa = PBXBuildFile; fileRef = 111F8F0E1F95AF2400AB7E8F /* SFRecuperarCuentaNuevaContraseniaViewController.m */; };
		111F8F151F95B2E600AB7E8F /* SFModificarUsuarioViewController.m in Sources */ = {isa = PBXBuildFile; fileRef = 111F8F141F95B2E600AB7E8F /* SFModificarUsuarioViewController.m */; };
		111F8F181F95B32E00AB7E8F /* SFCambiarContraseniaViewController.m in Sources */ = {isa = PBXBuildFile; fileRef = 111F8F171F95B32E00AB7E8F /* SFCambiarContraseniaViewController.m */; };
		11CD00901F8F131B00C58C49 /* SFNavegarEstadoAutenticadoSegue.m in Sources */ = {isa = PBXBuildFile; fileRef = 11CD008F1F8F131B00C58C49 /* SFNavegarEstadoAutenticadoSegue.m */; };
		11CD00941F8F178D00C58C49 /* SolicitudInicioSesion.m in Sources */ = {isa = PBXBuildFile; fileRef = 11CD00931F8F178D00C58C49 /* SolicitudInicioSesion.m */; };
		11CD00971F8F1B7700C58C49 /* IdentificadoresSegue.m in Sources */ = {isa = PBXBuildFile; fileRef = 11CD00961F8F1B7700C58C49 /* IdentificadoresSegue.m */; };
		11F0207E1F8F057900DBC1DC /* SFInicioSesionViewController.m in Sources */ = {isa = PBXBuildFile; fileRef = 11F0207D1F8F057900DBC1DC /* SFInicioSesionViewController.m */; };
		11F020811F8F078D00DBC1DC /* SFTextInputBaseViewController.m in Sources */ = {isa = PBXBuildFile; fileRef = 11F020801F8F078D00DBC1DC /* SFTextInputBaseViewController.m */; };
		11F020841F8F083F00DBC1DC /* SFTextField.m in Sources */ = {isa = PBXBuildFile; fileRef = 11F020831F8F083F00DBC1DC /* SFTextField.m */; };
		3FB7B55A30000F940874598A /* libPods-Smart Farming AppTests.a in Frameworks */ = {isa = PBXBuildFile; fileRef = E02CDAED7DF99ABBE5D66D55 /* libPods-Smart Farming AppTests.a */; };
		A10157171F9003BE00179ED7 /* SFFormularioBaseViewController.m in Sources */ = {isa = PBXBuildFile; fileRef = A10157161F9003BE00179ED7 /* SFFormularioBaseViewController.m */; };
		A101571A1F9003E600179ED7 /* SFRegistrarUsuarioViewController.m in Sources */ = {isa = PBXBuildFile; fileRef = A10157191F9003E600179ED7 /* SFRegistrarUsuarioViewController.m */; };
		A101571D1F90041F00179ED7 /* SFRecuperarCuentaViewController.m in Sources */ = {isa = PBXBuildFile; fileRef = A101571C1F90041F00179ED7 /* SFRecuperarCuentaViewController.m */; };
		A1AE0B891F8E8CFD009B4494 /* RespuestaServicioBase.m in Sources */ = {isa = PBXBuildFile; fileRef = A1AE0B881F8E8CFD009B4494 /* RespuestaServicioBase.m */; };
		A1AE0B8C1F8E8E1F009B4494 /* SolicitudServicioFincaBase.m in Sources */ = {isa = PBXBuildFile; fileRef = A1AE0B8B1F8E8E1F009B4494 /* SolicitudServicioFincaBase.m */; };
		A1AE0B8F1F8E8F0B009B4494 /* ErrorServicioBase.m in Sources */ = {isa = PBXBuildFile; fileRef = A1AE0B8E1F8E8F0B009B4494 /* ErrorServicioBase.m */; };
		A1AE0B921F8E9011009B4494 /* SolicitudServicioBase.m in Sources */ = {isa = PBXBuildFile; fileRef = A1AE0B911F8E9011009B4494 /* SolicitudServicioBase.m */; };
		A1BD86811F9776810077C91E /* SFSectoresTableViewController.m in Sources */ = {isa = PBXBuildFile; fileRef = A1BD86801F9776810077C91E /* SFSectoresTableViewController.m */; };
		A1BD86851F9777520077C91E /* ServiciosModuloSectores.m in Sources */ = {isa = PBXBuildFile; fileRef = A1BD86841F9777520077C91E /* ServiciosModuloSectores.m */; };
		A1BD86891F9778830077C91E /* RespuestaObtenerSectores.m in Sources */ = {isa = PBXBuildFile; fileRef = A1BD86881F9778830077C91E /* RespuestaObtenerSectores.m */; };
		A1BD868D1F9779970077C91E /* SFSectorTableViewCell.m in Sources */ = {isa = PBXBuildFile; fileRef = A1BD868C1F9779970077C91E /* SFSectorTableViewCell.m */; };
		A1BD86901F97AB0E0077C91E /* SFMecanismosRiegoHabilitadosViewController.m in Sources */ = {isa = PBXBuildFile; fileRef = A1BD868F1F97AB0E0077C91E /* SFMecanismosRiegoHabilitadosViewController.m */; };
		A1BD86951F97ABDF0077C91E /* SFMecanismoRiegoHabilitadoTableViewCell.m in Sources */ = {isa = PBXBuildFile; fileRef = A1BD86941F97ABDF0077C91E /* SFMecanismoRiegoHabilitadoTableViewCell.m */; };
		A1BD86981F97AC650077C91E /* SFMecanismoRiegoFincaSector.m in Sources */ = {isa = PBXBuildFile; fileRef = A1BD86971F97AC650077C91E /* SFMecanismoRiegoFincaSector.m */; };
		E597039ECA16D820156C1A75 /* libPods-Smart Farming AppUITests.a in Frameworks */ = {isa = PBXBuildFile; fileRef = 01A8F455D29AC3820A5F7AE8 /* libPods-Smart Farming AppUITests.a */; };
		F9DB669270910874EEE9C455 /* libPods-Smart Farming App.a in Frameworks */ = {isa = PBXBuildFile; fileRef = 678B84909B9700662B8D806F /* libPods-Smart Farming App.a */; };
/* End PBXBuildFile section */

/* Begin PBXContainerItemProxy section */
		1116BA461F8C5866005C9AFF /* PBXContainerItemProxy */ = {
			isa = PBXContainerItemProxy;
			containerPortal = 1116BA251F8C5866005C9AFF /* Project object */;
			proxyType = 1;
			remoteGlobalIDString = 1116BA2C1F8C5866005C9AFF;
			remoteInfo = "Smart Farming App";
		};
		1116BA511F8C5866005C9AFF /* PBXContainerItemProxy */ = {
			isa = PBXContainerItemProxy;
			containerPortal = 1116BA251F8C5866005C9AFF /* Project object */;
			proxyType = 1;
			remoteGlobalIDString = 1116BA2C1F8C5866005C9AFF;
			remoteInfo = "Smart Farming App";
		};
/* End PBXContainerItemProxy section */

/* Begin PBXFileReference section */
		01A8F455D29AC3820A5F7AE8 /* libPods-Smart Farming AppUITests.a */ = {isa = PBXFileReference; explicitFileType = archive.ar; includeInIndex = 0; path = "libPods-Smart Farming AppUITests.a"; sourceTree = BUILT_PRODUCTS_DIR; };
		02958B0F78B72D3983C840CA /* Pods-Smart Farming AppUITests.release.xcconfig */ = {isa = PBXFileReference; includeInIndex = 1; lastKnownFileType = text.xcconfig; name = "Pods-Smart Farming AppUITests.release.xcconfig"; path = "Pods/Target Support Files/Pods-Smart Farming AppUITests/Pods-Smart Farming AppUITests.release.xcconfig"; sourceTree = "<group>"; };
		110CC75D1F9849030090C6C0 /* SFMenuReportesViewController.h */ = {isa = PBXFileReference; lastKnownFileType = sourcecode.c.h; path = SFMenuReportesViewController.h; sourceTree = "<group>"; };
		110CC75E1F9849030090C6C0 /* SFMenuReportesViewController.m */ = {isa = PBXFileReference; lastKnownFileType = sourcecode.c.objc; path = SFMenuReportesViewController.m; sourceTree = "<group>"; };
		110CC7601F9854200090C6C0 /* SolicitudRegistrarUsuario.h */ = {isa = PBXFileReference; lastKnownFileType = sourcecode.c.h; path = SolicitudRegistrarUsuario.h; sourceTree = "<group>"; };
		110CC7611F9854200090C6C0 /* SolicitudRegistrarUsuario.m */ = {isa = PBXFileReference; lastKnownFileType = sourcecode.c.objc; path = SolicitudRegistrarUsuario.m; sourceTree = "<group>"; };
		1116BA2D1F8C5866005C9AFF /* Smart Farming App.app */ = {isa = PBXFileReference; explicitFileType = wrapper.application; includeInIndex = 0; path = "Smart Farming App.app"; sourceTree = BUILT_PRODUCTS_DIR; };
		1116BA301F8C5866005C9AFF /* AppDelegate.h */ = {isa = PBXFileReference; lastKnownFileType = sourcecode.c.h; path = AppDelegate.h; sourceTree = "<group>"; };
		1116BA311F8C5866005C9AFF /* AppDelegate.m */ = {isa = PBXFileReference; lastKnownFileType = sourcecode.c.objc; path = AppDelegate.m; sourceTree = "<group>"; };
		1116BA371F8C5866005C9AFF /* Base */ = {isa = PBXFileReference; lastKnownFileType = file.storyboard; name = Base; path = Base.lproj/Main.storyboard; sourceTree = "<group>"; };
		1116BA391F8C5866005C9AFF /* Assets.xcassets */ = {isa = PBXFileReference; lastKnownFileType = folder.assetcatalog; path = Assets.xcassets; sourceTree = "<group>"; };
		1116BA3C1F8C5866005C9AFF /* Base */ = {isa = PBXFileReference; lastKnownFileType = file.storyboard; name = Base; path = Base.lproj/LaunchScreen.storyboard; sourceTree = "<group>"; };
		1116BA3E1F8C5866005C9AFF /* Info.plist */ = {isa = PBXFileReference; lastKnownFileType = text.plist.xml; path = Info.plist; sourceTree = "<group>"; };
		1116BA3F1F8C5866005C9AFF /* main.m */ = {isa = PBXFileReference; lastKnownFileType = sourcecode.c.objc; path = main.m; sourceTree = "<group>"; };
		1116BA451F8C5866005C9AFF /* Smart Farming AppTests.xctest */ = {isa = PBXFileReference; explicitFileType = wrapper.cfbundle; includeInIndex = 0; path = "Smart Farming AppTests.xctest"; sourceTree = BUILT_PRODUCTS_DIR; };
		1116BA491F8C5866005C9AFF /* Smart_Farming_AppTests.m */ = {isa = PBXFileReference; lastKnownFileType = sourcecode.c.objc; path = Smart_Farming_AppTests.m; sourceTree = "<group>"; };
		1116BA4B1F8C5866005C9AFF /* Info.plist */ = {isa = PBXFileReference; lastKnownFileType = text.plist.xml; path = Info.plist; sourceTree = "<group>"; };
		1116BA501F8C5866005C9AFF /* Smart Farming AppUITests.xctest */ = {isa = PBXFileReference; explicitFileType = wrapper.cfbundle; includeInIndex = 0; path = "Smart Farming AppUITests.xctest"; sourceTree = BUILT_PRODUCTS_DIR; };
		1116BA541F8C5866005C9AFF /* Smart_Farming_AppUITests.m */ = {isa = PBXFileReference; lastKnownFileType = sourcecode.c.objc; path = Smart_Farming_AppUITests.m; sourceTree = "<group>"; };
		1116BA561F8C5866005C9AFF /* Info.plist */ = {isa = PBXFileReference; lastKnownFileType = text.plist.xml; path = Info.plist; sourceTree = "<group>"; };
		1116BA671F8C5A2B005C9AFF /* ContextoUsuario.m */ = {isa = PBXFileReference; fileEncoding = 4; lastKnownFileType = sourcecode.c.objc; path = ContextoUsuario.m; sourceTree = "<group>"; };
		1116BA6B1F8C5A2C005C9AFF /* ServiciosModuloSeguridad.m */ = {isa = PBXFileReference; fileEncoding = 4; lastKnownFileType = sourcecode.c.objc; path = ServiciosModuloSeguridad.m; sourceTree = "<group>"; };
		1116BA6C1F8C5A2C005C9AFF /* ContextoUsuario.h */ = {isa = PBXFileReference; fileEncoding = 4; lastKnownFileType = sourcecode.c.h; path = ContextoUsuario.h; sourceTree = "<group>"; };
		1116BA6D1F8C5A2C005C9AFF /* SFConstantesComunes.m */ = {isa = PBXFileReference; fileEncoding = 4; lastKnownFileType = sourcecode.c.objc; path = SFConstantesComunes.m; sourceTree = "<group>"; };
		1116BA6F1F8C5A2C005C9AFF /* BaseServicios.h */ = {isa = PBXFileReference; fileEncoding = 4; lastKnownFileType = sourcecode.c.h; path = BaseServicios.h; sourceTree = "<group>"; };
		1116BA701F8C5A2C005C9AFF /* ServiciosModuloFinca.h */ = {isa = PBXFileReference; fileEncoding = 4; lastKnownFileType = sourcecode.c.h; path = ServiciosModuloFinca.h; sourceTree = "<group>"; };
		1116BA711F8C5A2C005C9AFF /* HTTPConector.m */ = {isa = PBXFileReference; fileEncoding = 4; lastKnownFileType = sourcecode.c.objc; path = HTTPConector.m; sourceTree = "<group>"; };
		1116BA731F8C5A2C005C9AFF /* ServiciosModuloFinca.m */ = {isa = PBXFileReference; fileEncoding = 4; lastKnownFileType = sourcecode.c.objc; path = ServiciosModuloFinca.m; sourceTree = "<group>"; };
		1116BA741F8C5A2C005C9AFF /* ServiciosModuloSeguridad.h */ = {isa = PBXFileReference; fileEncoding = 4; lastKnownFileType = sourcecode.c.h; path = ServiciosModuloSeguridad.h; sourceTree = "<group>"; };
		1116BA751F8C5A2C005C9AFF /* BaseServicios.m */ = {isa = PBXFileReference; fileEncoding = 4; lastKnownFileType = sourcecode.c.objc; path = BaseServicios.m; sourceTree = "<group>"; };
		1116BA761F8C5A2C005C9AFF /* HTTPConector.h */ = {isa = PBXFileReference; fileEncoding = 4; lastKnownFileType = sourcecode.c.h; path = HTTPConector.h; sourceTree = "<group>"; };
		1116BA841F8C6B7D005C9AFF /* SFActivityIndicator.h */ = {isa = PBXFileReference; lastKnownFileType = sourcecode.c.h; path = SFActivityIndicator.h; sourceTree = "<group>"; };
		1116BA851F8C6B7D005C9AFF /* SFActivityIndicator.m */ = {isa = PBXFileReference; lastKnownFileType = sourcecode.c.objc; path = SFActivityIndicator.m; sourceTree = "<group>"; };
		1116BA891F8C6D09005C9AFF /* SFViewControllerBase.h */ = {isa = PBXFileReference; lastKnownFileType = sourcecode.c.h; path = SFViewControllerBase.h; sourceTree = "<group>"; };
		1116BA8A1F8C6D09005C9AFF /* SFViewControllerBase.m */ = {isa = PBXFileReference; lastKnownFileType = sourcecode.c.objc; path = SFViewControllerBase.m; sourceTree = "<group>"; };
		1116BA8E1F8C6DA0005C9AFF /* SFConstantesComunes.h */ = {isa = PBXFileReference; fileEncoding = 4; lastKnownFileType = sourcecode.c.h; path = SFConstantesComunes.h; sourceTree = "<group>"; };
		1116BA911F8C7490005C9AFF /* SFUtils.h */ = {isa = PBXFileReference; lastKnownFileType = sourcecode.c.h; path = SFUtils.h; sourceTree = "<group>"; };
		1116BA921F8C7490005C9AFF /* SFUtils.m */ = {isa = PBXFileReference; lastKnownFileType = sourcecode.c.objc; path = SFUtils.m; sourceTree = "<group>"; };
		1116D6BE1F9390DE0088D61B /* SFFincasPendientesViewController.h */ = {isa = PBXFileReference; lastKnownFileType = sourcecode.c.h; path = SFFincasPendientesViewController.h; sourceTree = "<group>"; };
		1116D6BF1F9390DE0088D61B /* SFFincasPendientesViewController.m */ = {isa = PBXFileReference; lastKnownFileType = sourcecode.c.objc; path = SFFincasPendientesViewController.m; sourceTree = "<group>"; };
		1116D6C21F940E310088D61B /* RespuestaBuscarRoles.h */ = {isa = PBXFileReference; lastKnownFileType = sourcecode.c.h; path = RespuestaBuscarRoles.h; sourceTree = "<group>"; };
		1116D6C31F940E310088D61B /* RespuestaBuscarRoles.m */ = {isa = PBXFileReference; lastKnownFileType = sourcecode.c.objc; path = RespuestaBuscarRoles.m; sourceTree = "<group>"; };
		1116D6C61F9433020088D61B /* SFFincaTableViewCell.h */ = {isa = PBXFileReference; lastKnownFileType = sourcecode.c.h; path = SFFincaTableViewCell.h; sourceTree = "<group>"; };
		1116D6C71F9433020088D61B /* SFFincaTableViewCell.m */ = {isa = PBXFileReference; lastKnownFileType = sourcecode.c.objc; path = SFFincaTableViewCell.m; sourceTree = "<group>"; };
		1116D6CB1F94424E0088D61B /* UIViewController+LGSideMenuController.m */ = {isa = PBXFileReference; fileEncoding = 4; lastKnownFileType = sourcecode.c.objc; name = "UIViewController+LGSideMenuController.m"; path = "LGSideMenuController/UIViewController+LGSideMenuController.m"; sourceTree = "<group>"; };
		1116D6CC1F94424E0088D61B /* LGSideMenuController.m */ = {isa = PBXFileReference; fileEncoding = 4; lastKnownFileType = sourcecode.c.objc; name = LGSideMenuController.m; path = LGSideMenuController/LGSideMenuController.m; sourceTree = "<group>"; };
		1116D6CD1F94424E0088D61B /* LGSideMenuBorderView.h */ = {isa = PBXFileReference; fileEncoding = 4; lastKnownFileType = sourcecode.c.h; name = LGSideMenuBorderView.h; path = LGSideMenuController/LGSideMenuBorderView.h; sourceTree = "<group>"; };
		1116D6CE1F94424E0088D61B /* UIViewController+LGSideMenuController.h */ = {isa = PBXFileReference; fileEncoding = 4; lastKnownFileType = sourcecode.c.h; name = "UIViewController+LGSideMenuController.h"; path = "LGSideMenuController/UIViewController+LGSideMenuController.h"; sourceTree = "<group>"; };
		1116D6CF1F94424E0088D61B /* LGSideMenuGesturesHandler.m */ = {isa = PBXFileReference; fileEncoding = 4; lastKnownFileType = sourcecode.c.objc; name = LGSideMenuGesturesHandler.m; path = LGSideMenuController/LGSideMenuGesturesHandler.m; sourceTree = "<group>"; };
		1116D6D01F94424E0088D61B /* LGSideMenuHelper.m */ = {isa = PBXFileReference; fileEncoding = 4; lastKnownFileType = sourcecode.c.objc; name = LGSideMenuHelper.m; path = LGSideMenuController/LGSideMenuHelper.m; sourceTree = "<group>"; };
		1116D6D11F94424E0088D61B /* LGSideMenuView.h */ = {isa = PBXFileReference; fileEncoding = 4; lastKnownFileType = sourcecode.c.h; name = LGSideMenuView.h; path = LGSideMenuController/LGSideMenuView.h; sourceTree = "<group>"; };
		1116D6D21F94424E0088D61B /* LGSideMenuGesturesHandler.h */ = {isa = PBXFileReference; fileEncoding = 4; lastKnownFileType = sourcecode.c.h; name = LGSideMenuGesturesHandler.h; path = LGSideMenuController/LGSideMenuGesturesHandler.h; sourceTree = "<group>"; };
		1116D6D31F94424E0088D61B /* LGSideMenuHelper.h */ = {isa = PBXFileReference; fileEncoding = 4; lastKnownFileType = sourcecode.c.h; name = LGSideMenuHelper.h; path = LGSideMenuController/LGSideMenuHelper.h; sourceTree = "<group>"; };
		1116D6D41F94424E0088D61B /* LGSideMenuSegue.m */ = {isa = PBXFileReference; fileEncoding = 4; lastKnownFileType = sourcecode.c.objc; name = LGSideMenuSegue.m; path = LGSideMenuController/LGSideMenuSegue.m; sourceTree = "<group>"; };
		1116D6D51F94424E0088D61B /* LGSideMenuView.m */ = {isa = PBXFileReference; fileEncoding = 4; lastKnownFileType = sourcecode.c.objc; name = LGSideMenuView.m; path = LGSideMenuController/LGSideMenuView.m; sourceTree = "<group>"; };
		1116D6D61F94424F0088D61B /* LGSideMenuBorderView.m */ = {isa = PBXFileReference; fileEncoding = 4; lastKnownFileType = sourcecode.c.objc; name = LGSideMenuBorderView.m; path = LGSideMenuController/LGSideMenuBorderView.m; sourceTree = "<group>"; };
		1116D6D71F94424F0088D61B /* LGSideMenuSegue.h */ = {isa = PBXFileReference; fileEncoding = 4; lastKnownFileType = sourcecode.c.h; name = LGSideMenuSegue.h; path = LGSideMenuController/LGSideMenuSegue.h; sourceTree = "<group>"; };
		1116D6D81F94424F0088D61B /* LGSideMenuController.h */ = {isa = PBXFileReference; fileEncoding = 4; lastKnownFileType = sourcecode.c.h; name = LGSideMenuController.h; path = LGSideMenuController/LGSideMenuController.h; sourceTree = "<group>"; };
		1116D6E01F9444890088D61B /* FincaLeftMenuTableViewController.h */ = {isa = PBXFileReference; lastKnownFileType = sourcecode.c.h; path = FincaLeftMenuTableViewController.h; sourceTree = "<group>"; };
		1116D6E11F9444890088D61B /* FincaLeftMenuTableViewController.m */ = {isa = PBXFileReference; lastKnownFileType = sourcecode.c.objc; path = FincaLeftMenuTableViewController.m; sourceTree = "<group>"; };
		1116D6E31F94449A0088D61B /* FincaRightMenuTableViewController.h */ = {isa = PBXFileReference; lastKnownFileType = sourcecode.c.h; path = FincaRightMenuTableViewController.h; sourceTree = "<group>"; };
		1116D6E41F94449A0088D61B /* FincaRightMenuTableViewController.m */ = {isa = PBXFileReference; lastKnownFileType = sourcecode.c.objc; path = FincaRightMenuTableViewController.m; sourceTree = "<group>"; };
		1116D6E91F9451F70088D61B /* SFInformacionFincaActivadaViewController.h */ = {isa = PBXFileReference; lastKnownFileType = sourcecode.c.h; path = SFInformacionFincaActivadaViewController.h; sourceTree = "<group>"; };
		1116D6EA1F9451F70088D61B /* SFInformacionFincaActivadaViewController.m */ = {isa = PBXFileReference; lastKnownFileType = sourcecode.c.objc; path = SFInformacionFincaActivadaViewController.m; sourceTree = "<group>"; };
		1116D6EC1F94565F0088D61B /* SFNavegarASeccionFincaSegue.h */ = {isa = PBXFileReference; lastKnownFileType = sourcecode.c.h; path = SFNavegarASeccionFincaSegue.h; sourceTree = "<group>"; };
		1116D6ED1F94565F0088D61B /* SFNavegarASeccionFincaSegue.m */ = {isa = PBXFileReference; lastKnownFileType = sourcecode.c.objc; path = SFNavegarASeccionFincaSegue.m; sourceTree = "<group>"; };
		1116DA941F906A370057A048 /* RespuestaInicioSesion.h */ = {isa = PBXFileReference; lastKnownFileType = sourcecode.c.h; path = RespuestaInicioSesion.h; sourceTree = "<group>"; };
		1116DA951F906A370057A048 /* RespuestaInicioSesion.m */ = {isa = PBXFileReference; lastKnownFileType = sourcecode.c.objc; path = RespuestaInicioSesion.m; sourceTree = "<group>"; };
		1116DA991F906F8C0057A048 /* RespuestaMostrarFincas.h */ = {isa = PBXFileReference; lastKnownFileType = sourcecode.c.h; path = RespuestaMostrarFincas.h; sourceTree = "<group>"; };
		1116DA9A1F906F8C0057A048 /* RespuestaMostrarFincas.m */ = {isa = PBXFileReference; lastKnownFileType = sourcecode.c.objc; path = RespuestaMostrarFincas.m; sourceTree = "<group>"; };
		1116DA9D1F90726C0057A048 /* ServiciosModuloRiego.h */ = {isa = PBXFileReference; lastKnownFileType = sourcecode.c.h; path = ServiciosModuloRiego.h; sourceTree = "<group>"; };
		1116DA9E1F90726C0057A048 /* ServiciosModuloRiego.m */ = {isa = PBXFileReference; lastKnownFileType = sourcecode.c.objc; path = ServiciosModuloRiego.m; sourceTree = "<group>"; };
		111D1DBB1F92DE9E00E3A168 /* SFFincasEncargadoViewController.h */ = {isa = PBXFileReference; lastKnownFileType = sourcecode.c.h; path = SFFincasEncargadoViewController.h; sourceTree = "<group>"; };
		111D1DBC1F92DE9E00E3A168 /* SFFincasEncargadoViewController.m */ = {isa = PBXFileReference; lastKnownFileType = sourcecode.c.objc; path = SFFincasEncargadoViewController.m; sourceTree = "<group>"; };
		111D1DBE1F92DEBC00E3A168 /* SFFincasOtrosRolesViewController.h */ = {isa = PBXFileReference; lastKnownFileType = sourcecode.c.h; path = SFFincasOtrosRolesViewController.h; sourceTree = "<group>"; };
		111D1DBF1F92DEBC00E3A168 /* SFFincasOtrosRolesViewController.m */ = {isa = PBXFileReference; lastKnownFileType = sourcecode.c.objc; path = SFFincasOtrosRolesViewController.m; sourceTree = "<group>"; };
		111D1DC11F92E01100E3A168 /* SFTableViewControllerBase.h */ = {isa = PBXFileReference; lastKnownFileType = sourcecode.c.h; path = SFTableViewControllerBase.h; sourceTree = "<group>"; };
		111D1DC21F92E01100E3A168 /* SFTableViewControllerBase.m */ = {isa = PBXFileReference; lastKnownFileType = sourcecode.c.objc; path = SFTableViewControllerBase.m; sourceTree = "<group>"; };
		111D1DC51F92F4B600E3A168 /* SFFinca.h */ = {isa = PBXFileReference; lastKnownFileType = sourcecode.c.h; path = SFFinca.h; sourceTree = "<group>"; };
		111D1DC61F92F4B600E3A168 /* SFFinca.m */ = {isa = PBXFileReference; lastKnownFileType = sourcecode.c.objc; path = SFFinca.m; sourceTree = "<group>"; };
		111D1DC81F92FA7500E3A168 /* SFSectorFinca.h */ = {isa = PBXFileReference; lastKnownFileType = sourcecode.c.h; path = SFSectorFinca.h; sourceTree = "<group>"; };
		111D1DC91F92FA7500E3A168 /* SFSectorFinca.m */ = {isa = PBXFileReference; lastKnownFileType = sourcecode.c.objc; path = SFSectorFinca.m; sourceTree = "<group>"; };
		111F7E091F94ED0A002615D5 /* SFPerfilUsuarioViewController.h */ = {isa = PBXFileReference; lastKnownFileType = sourcecode.c.h; path = SFPerfilUsuarioViewController.h; sourceTree = "<group>"; };
		111F7E0A1F94ED0A002615D5 /* SFPerfilUsuarioViewController.m */ = {isa = PBXFileReference; lastKnownFileType = sourcecode.c.objc; path = SFPerfilUsuarioViewController.m; sourceTree = "<group>"; };
		111F7E0C1F94FE4F002615D5 /* RespuestaMostrarUsuario.h */ = {isa = PBXFileReference; lastKnownFileType = sourcecode.c.h; path = RespuestaMostrarUsuario.h; sourceTree = "<group>"; };
		111F7E0D1F94FE4F002615D5 /* RespuestaMostrarUsuario.m */ = {isa = PBXFileReference; lastKnownFileType = sourcecode.c.objc; path = RespuestaMostrarUsuario.m; sourceTree = "<group>"; };
		111F7E0F1F951459002615D5 /* SFNavegarEstadoNoAutenticadoSegue.h */ = {isa = PBXFileReference; lastKnownFileType = sourcecode.c.h; path = SFNavegarEstadoNoAutenticadoSegue.h; sourceTree = "<group>"; };
		111F7E101F951459002615D5 /* SFNavegarEstadoNoAutenticadoSegue.m */ = {isa = PBXFileReference; lastKnownFileType = sourcecode.c.objc; path = SFNavegarEstadoNoAutenticadoSegue.m; sourceTree = "<group>"; };
		111F8F0D1F95AF2400AB7E8F /* SFRecuperarCuentaNuevaContraseniaViewController.h */ = {isa = PBXFileReference; lastKnownFileType = sourcecode.c.h; path = SFRecuperarCuentaNuevaContraseniaViewController.h; sourceTree = "<group>"; };
		111F8F0E1F95AF2400AB7E8F /* SFRecuperarCuentaNuevaContraseniaViewController.m */ = {isa = PBXFileReference; lastKnownFileType = sourcecode.c.objc; path = SFRecuperarCuentaNuevaContraseniaViewController.m; sourceTree = "<group>"; };
		111F8F131F95B2E600AB7E8F /* SFModificarUsuarioViewController.h */ = {isa = PBXFileReference; lastKnownFileType = sourcecode.c.h; path = SFModificarUsuarioViewController.h; sourceTree = "<group>"; };
		111F8F141F95B2E600AB7E8F /* SFModificarUsuarioViewController.m */ = {isa = PBXFileReference; lastKnownFileType = sourcecode.c.objc; path = SFModificarUsuarioViewController.m; sourceTree = "<group>"; };
		111F8F161F95B32E00AB7E8F /* SFCambiarContraseniaViewController.h */ = {isa = PBXFileReference; lastKnownFileType = sourcecode.c.h; path = SFCambiarContraseniaViewController.h; sourceTree = "<group>"; };
		111F8F171F95B32E00AB7E8F /* SFCambiarContraseniaViewController.m */ = {isa = PBXFileReference; lastKnownFileType = sourcecode.c.objc; path = SFCambiarContraseniaViewController.m; sourceTree = "<group>"; };
		11CD008E1F8F131B00C58C49 /* SFNavegarEstadoAutenticadoSegue.h */ = {isa = PBXFileReference; lastKnownFileType = sourcecode.c.h; path = SFNavegarEstadoAutenticadoSegue.h; sourceTree = "<group>"; };
		11CD008F1F8F131B00C58C49 /* SFNavegarEstadoAutenticadoSegue.m */ = {isa = PBXFileReference; lastKnownFileType = sourcecode.c.objc; path = SFNavegarEstadoAutenticadoSegue.m; sourceTree = "<group>"; };
		11CD00921F8F178D00C58C49 /* SolicitudInicioSesion.h */ = {isa = PBXFileReference; lastKnownFileType = sourcecode.c.h; path = SolicitudInicioSesion.h; sourceTree = "<group>"; };
		11CD00931F8F178D00C58C49 /* SolicitudInicioSesion.m */ = {isa = PBXFileReference; lastKnownFileType = sourcecode.c.objc; path = SolicitudInicioSesion.m; sourceTree = "<group>"; };
		11CD00951F8F1B7700C58C49 /* IdentificadoresSegue.h */ = {isa = PBXFileReference; lastKnownFileType = sourcecode.c.h; path = IdentificadoresSegue.h; sourceTree = "<group>"; };
		11CD00961F8F1B7700C58C49 /* IdentificadoresSegue.m */ = {isa = PBXFileReference; lastKnownFileType = sourcecode.c.objc; path = IdentificadoresSegue.m; sourceTree = "<group>"; };
		11F0207C1F8F057900DBC1DC /* SFInicioSesionViewController.h */ = {isa = PBXFileReference; lastKnownFileType = sourcecode.c.h; path = SFInicioSesionViewController.h; sourceTree = "<group>"; };
		11F0207D1F8F057900DBC1DC /* SFInicioSesionViewController.m */ = {isa = PBXFileReference; lastKnownFileType = sourcecode.c.objc; path = SFInicioSesionViewController.m; sourceTree = "<group>"; };
		11F0207F1F8F078D00DBC1DC /* SFTextInputBaseViewController.h */ = {isa = PBXFileReference; lastKnownFileType = sourcecode.c.h; path = SFTextInputBaseViewController.h; sourceTree = "<group>"; };
		11F020801F8F078D00DBC1DC /* SFTextInputBaseViewController.m */ = {isa = PBXFileReference; lastKnownFileType = sourcecode.c.objc; path = SFTextInputBaseViewController.m; sourceTree = "<group>"; };
		11F020821F8F083F00DBC1DC /* SFTextField.h */ = {isa = PBXFileReference; lastKnownFileType = sourcecode.c.h; path = SFTextField.h; sourceTree = "<group>"; };
		11F020831F8F083F00DBC1DC /* SFTextField.m */ = {isa = PBXFileReference; lastKnownFileType = sourcecode.c.objc; path = SFTextField.m; sourceTree = "<group>"; };
		1C3A09F744782A2111FFE684 /* Pods-Smart Farming AppTests.release.xcconfig */ = {isa = PBXFileReference; includeInIndex = 1; lastKnownFileType = text.xcconfig; name = "Pods-Smart Farming AppTests.release.xcconfig"; path = "Pods/Target Support Files/Pods-Smart Farming AppTests/Pods-Smart Farming AppTests.release.xcconfig"; sourceTree = "<group>"; };
		678B84909B9700662B8D806F /* libPods-Smart Farming App.a */ = {isa = PBXFileReference; explicitFileType = archive.ar; includeInIndex = 0; path = "libPods-Smart Farming App.a"; sourceTree = BUILT_PRODUCTS_DIR; };
		A10157151F9003BE00179ED7 /* SFFormularioBaseViewController.h */ = {isa = PBXFileReference; lastKnownFileType = sourcecode.c.h; path = SFFormularioBaseViewController.h; sourceTree = "<group>"; };
		A10157161F9003BE00179ED7 /* SFFormularioBaseViewController.m */ = {isa = PBXFileReference; lastKnownFileType = sourcecode.c.objc; path = SFFormularioBaseViewController.m; sourceTree = "<group>"; };
		A10157181F9003E600179ED7 /* SFRegistrarUsuarioViewController.h */ = {isa = PBXFileReference; lastKnownFileType = sourcecode.c.h; path = SFRegistrarUsuarioViewController.h; sourceTree = "<group>"; };
		A10157191F9003E600179ED7 /* SFRegistrarUsuarioViewController.m */ = {isa = PBXFileReference; lastKnownFileType = sourcecode.c.objc; path = SFRegistrarUsuarioViewController.m; sourceTree = "<group>"; };
		A101571B1F90041F00179ED7 /* SFRecuperarCuentaViewController.h */ = {isa = PBXFileReference; lastKnownFileType = sourcecode.c.h; path = SFRecuperarCuentaViewController.h; sourceTree = "<group>"; };
		A101571C1F90041F00179ED7 /* SFRecuperarCuentaViewController.m */ = {isa = PBXFileReference; lastKnownFileType = sourcecode.c.objc; path = SFRecuperarCuentaViewController.m; sourceTree = "<group>"; };
		A1AE0B871F8E8CFD009B4494 /* RespuestaServicioBase.h */ = {isa = PBXFileReference; lastKnownFileType = sourcecode.c.h; path = RespuestaServicioBase.h; sourceTree = "<group>"; };
		A1AE0B881F8E8CFD009B4494 /* RespuestaServicioBase.m */ = {isa = PBXFileReference; lastKnownFileType = sourcecode.c.objc; path = RespuestaServicioBase.m; sourceTree = "<group>"; };
		A1AE0B8A1F8E8E1F009B4494 /* SolicitudServicioFincaBase.h */ = {isa = PBXFileReference; lastKnownFileType = sourcecode.c.h; path = SolicitudServicioFincaBase.h; sourceTree = "<group>"; };
		A1AE0B8B1F8E8E1F009B4494 /* SolicitudServicioFincaBase.m */ = {isa = PBXFileReference; lastKnownFileType = sourcecode.c.objc; path = SolicitudServicioFincaBase.m; sourceTree = "<group>"; };
		A1AE0B8D1F8E8F0B009B4494 /* ErrorServicioBase.h */ = {isa = PBXFileReference; lastKnownFileType = sourcecode.c.h; path = ErrorServicioBase.h; sourceTree = "<group>"; };
		A1AE0B8E1F8E8F0B009B4494 /* ErrorServicioBase.m */ = {isa = PBXFileReference; lastKnownFileType = sourcecode.c.objc; path = ErrorServicioBase.m; sourceTree = "<group>"; };
		A1AE0B901F8E9011009B4494 /* SolicitudServicioBase.h */ = {isa = PBXFileReference; lastKnownFileType = sourcecode.c.h; path = SolicitudServicioBase.h; sourceTree = "<group>"; };
		A1AE0B911F8E9011009B4494 /* SolicitudServicioBase.m */ = {isa = PBXFileReference; lastKnownFileType = sourcecode.c.objc; path = SolicitudServicioBase.m; sourceTree = "<group>"; };
		A1BD867F1F9776810077C91E /* SFSectoresTableViewController.h */ = {isa = PBXFileReference; lastKnownFileType = sourcecode.c.h; path = SFSectoresTableViewController.h; sourceTree = "<group>"; };
		A1BD86801F9776810077C91E /* SFSectoresTableViewController.m */ = {isa = PBXFileReference; lastKnownFileType = sourcecode.c.objc; path = SFSectoresTableViewController.m; sourceTree = "<group>"; };
		A1BD86831F9777520077C91E /* ServiciosModuloSectores.h */ = {isa = PBXFileReference; lastKnownFileType = sourcecode.c.h; path = ServiciosModuloSectores.h; sourceTree = "<group>"; };
		A1BD86841F9777520077C91E /* ServiciosModuloSectores.m */ = {isa = PBXFileReference; lastKnownFileType = sourcecode.c.objc; path = ServiciosModuloSectores.m; sourceTree = "<group>"; };
		A1BD86871F9778830077C91E /* RespuestaObtenerSectores.h */ = {isa = PBXFileReference; lastKnownFileType = sourcecode.c.h; path = RespuestaObtenerSectores.h; sourceTree = "<group>"; };
		A1BD86881F9778830077C91E /* RespuestaObtenerSectores.m */ = {isa = PBXFileReference; lastKnownFileType = sourcecode.c.objc; path = RespuestaObtenerSectores.m; sourceTree = "<group>"; };
		A1BD868B1F9779970077C91E /* SFSectorTableViewCell.h */ = {isa = PBXFileReference; lastKnownFileType = sourcecode.c.h; path = SFSectorTableViewCell.h; sourceTree = "<group>"; };
		A1BD868C1F9779970077C91E /* SFSectorTableViewCell.m */ = {isa = PBXFileReference; lastKnownFileType = sourcecode.c.objc; path = SFSectorTableViewCell.m; sourceTree = "<group>"; };
		A1BD868E1F97AB0D0077C91E /* SFMecanismosRiegoHabilitadosViewController.h */ = {isa = PBXFileReference; lastKnownFileType = sourcecode.c.h; path = SFMecanismosRiegoHabilitadosViewController.h; sourceTree = "<group>"; };
		A1BD868F1F97AB0E0077C91E /* SFMecanismosRiegoHabilitadosViewController.m */ = {isa = PBXFileReference; lastKnownFileType = sourcecode.c.objc; path = SFMecanismosRiegoHabilitadosViewController.m; sourceTree = "<group>"; };
		A1BD86931F97ABDF0077C91E /* SFMecanismoRiegoHabilitadoTableViewCell.h */ = {isa = PBXFileReference; lastKnownFileType = sourcecode.c.h; path = SFMecanismoRiegoHabilitadoTableViewCell.h; sourceTree = "<group>"; };
		A1BD86941F97ABDF0077C91E /* SFMecanismoRiegoHabilitadoTableViewCell.m */ = {isa = PBXFileReference; lastKnownFileType = sourcecode.c.objc; path = SFMecanismoRiegoHabilitadoTableViewCell.m; sourceTree = "<group>"; };
		A1BD86961F97AC640077C91E /* SFMecanismoRiegoFincaSector.h */ = {isa = PBXFileReference; lastKnownFileType = sourcecode.c.h; path = SFMecanismoRiegoFincaSector.h; sourceTree = "<group>"; };
		A1BD86971F97AC650077C91E /* SFMecanismoRiegoFincaSector.m */ = {isa = PBXFileReference; lastKnownFileType = sourcecode.c.objc; path = SFMecanismoRiegoFincaSector.m; sourceTree = "<group>"; };
		A31BF76F63193F1D17D68FEC /* Pods-Smart Farming AppUITests.debug.xcconfig */ = {isa = PBXFileReference; includeInIndex = 1; lastKnownFileType = text.xcconfig; name = "Pods-Smart Farming AppUITests.debug.xcconfig"; path = "Pods/Target Support Files/Pods-Smart Farming AppUITests/Pods-Smart Farming AppUITests.debug.xcconfig"; sourceTree = "<group>"; };
		AA27972AF7A47216E490E53A /* Pods-Smart Farming App.debug.xcconfig */ = {isa = PBXFileReference; includeInIndex = 1; lastKnownFileType = text.xcconfig; name = "Pods-Smart Farming App.debug.xcconfig"; path = "Pods/Target Support Files/Pods-Smart Farming App/Pods-Smart Farming App.debug.xcconfig"; sourceTree = "<group>"; };
		ADF4D971DF49EE7504D8D4CC /* Pods-Smart Farming App.release.xcconfig */ = {isa = PBXFileReference; includeInIndex = 1; lastKnownFileType = text.xcconfig; name = "Pods-Smart Farming App.release.xcconfig"; path = "Pods/Target Support Files/Pods-Smart Farming App/Pods-Smart Farming App.release.xcconfig"; sourceTree = "<group>"; };
		C003E76DAD8EF88052DF42C2 /* Pods-Smart Farming AppTests.debug.xcconfig */ = {isa = PBXFileReference; includeInIndex = 1; lastKnownFileType = text.xcconfig; name = "Pods-Smart Farming AppTests.debug.xcconfig"; path = "Pods/Target Support Files/Pods-Smart Farming AppTests/Pods-Smart Farming AppTests.debug.xcconfig"; sourceTree = "<group>"; };
		E02CDAED7DF99ABBE5D66D55 /* libPods-Smart Farming AppTests.a */ = {isa = PBXFileReference; explicitFileType = archive.ar; includeInIndex = 0; path = "libPods-Smart Farming AppTests.a"; sourceTree = BUILT_PRODUCTS_DIR; };
/* End PBXFileReference section */

/* Begin PBXFrameworksBuildPhase section */
		1116BA2A1F8C5866005C9AFF /* Frameworks */ = {
			isa = PBXFrameworksBuildPhase;
			buildActionMask = 2147483647;
			files = (
				F9DB669270910874EEE9C455 /* libPods-Smart Farming App.a in Frameworks */,
			);
			runOnlyForDeploymentPostprocessing = 0;
		};
		1116BA421F8C5866005C9AFF /* Frameworks */ = {
			isa = PBXFrameworksBuildPhase;
			buildActionMask = 2147483647;
			files = (
				3FB7B55A30000F940874598A /* libPods-Smart Farming AppTests.a in Frameworks */,
			);
			runOnlyForDeploymentPostprocessing = 0;
		};
		1116BA4D1F8C5866005C9AFF /* Frameworks */ = {
			isa = PBXFrameworksBuildPhase;
			buildActionMask = 2147483647;
			files = (
				E597039ECA16D820156C1A75 /* libPods-Smart Farming AppUITests.a in Frameworks */,
			);
			runOnlyForDeploymentPostprocessing = 0;
		};
/* End PBXFrameworksBuildPhase section */

/* Begin PBXGroup section */
		110CC75C1F9848CD0090C6C0 /* Modulo Reportes */ = {
			isa = PBXGroup;
			children = (
				110CC75D1F9849030090C6C0 /* SFMenuReportesViewController.h */,
				110CC75E1F9849030090C6C0 /* SFMenuReportesViewController.m */,
			);
			path = "Modulo Reportes";
			sourceTree = "<group>";
		};
		1116BA241F8C5866005C9AFF = {
			isa = PBXGroup;
			children = (
				1116BA2F1F8C5866005C9AFF /* Smart Farming App */,
				1116BA481F8C5866005C9AFF /* Smart Farming AppTests */,
				1116BA531F8C5866005C9AFF /* Smart Farming AppUITests */,
				1116BA2E1F8C5866005C9AFF /* Products */,
				1116D6C91F9441DA0088D61B /* Librerias */,
				B0305F0AC2144FEB6B2E1558 /* Pods */,
				3E57AC0AC837ED7758E66663 /* Frameworks */,
			);
			sourceTree = "<group>";
		};
		1116BA2E1F8C5866005C9AFF /* Products */ = {
			isa = PBXGroup;
			children = (
				1116BA2D1F8C5866005C9AFF /* Smart Farming App.app */,
				1116BA451F8C5866005C9AFF /* Smart Farming AppTests.xctest */,
				1116BA501F8C5866005C9AFF /* Smart Farming AppUITests.xctest */,
			);
			name = Products;
			sourceTree = "<group>";
		};
		1116BA2F1F8C5866005C9AFF /* Smart Farming App */ = {
			isa = PBXGroup;
			children = (
				1116BA811F8C5A51005C9AFF /* General */,
				1116BA801F8C5A42005C9AFF /* Utils */,
				111D1DC41F92F48F00E3A168 /* Clases */,
				1116BA641F8C59D5005C9AFF /* Vistas */,
				1116BA631F8C59CE005C9AFF /* Controladores */,
				11CD008D1F8F12AD00C58C49 /* Navegacion */,
				1116BA621F8C59B4005C9AFF /* Conexion Backend */,
				1116BA301F8C5866005C9AFF /* AppDelegate.h */,
				1116BA311F8C5866005C9AFF /* AppDelegate.m */,
				1116BA361F8C5866005C9AFF /* Main.storyboard */,
				1116BA391F8C5866005C9AFF /* Assets.xcassets */,
				1116BA3F1F8C5866005C9AFF /* main.m */,
				1116BA3B1F8C5866005C9AFF /* LaunchScreen.storyboard */,
				1116BA3E1F8C5866005C9AFF /* Info.plist */,
			);
			path = "Smart Farming App";
			sourceTree = "<group>";
		};
		1116BA481F8C5866005C9AFF /* Smart Farming AppTests */ = {
			isa = PBXGroup;
			children = (
				1116BA491F8C5866005C9AFF /* Smart_Farming_AppTests.m */,
				1116BA4B1F8C5866005C9AFF /* Info.plist */,
			);
			path = "Smart Farming AppTests";
			sourceTree = "<group>";
		};
		1116BA531F8C5866005C9AFF /* Smart Farming AppUITests */ = {
			isa = PBXGroup;
			children = (
				1116BA541F8C5866005C9AFF /* Smart_Farming_AppUITests.m */,
				1116BA561F8C5866005C9AFF /* Info.plist */,
			);
			path = "Smart Farming AppUITests";
			sourceTree = "<group>";
		};
		1116BA621F8C59B4005C9AFF /* Conexion Backend */ = {
			isa = PBXGroup;
			children = (
				1116BA6C1F8C5A2C005C9AFF /* ContextoUsuario.h */,
				1116BA671F8C5A2B005C9AFF /* ContextoUsuario.m */,
				1116DA8F1F904B6E0057A048 /* General */,
				1116BA8F1F8C6E95005C9AFF /* Modulo Seguridad */,
				1116BA901F8C6EA2005C9AFF /* Modulo Finca */,
				1116DA9C1F9072120057A048 /* Modulo Riego */,
				A1BD86821F9776F40077C91E /* Modulo Sectores */,
				1116BA821F8C6AE9005C9AFF /* Configuracion Servicio */,
			);
			path = "Conexion Backend";
			sourceTree = "<group>";
		};
		1116BA631F8C59CE005C9AFF /* Controladores */ = {
			isa = PBXGroup;
			children = (
				1116D6C11F940C490088D61B /* General */,
				A1AE0B811F8E8BDF009B4494 /* Modulo Seguridad */,
				A1AE0B821F8E8BF1009B4494 /* Modulo Finca */,
				A1BD867E1F9776260077C91E /* Modulo Riego */,
				A1BD867D1F9776180077C91E /* Modulo Sectores */,
				110CC75C1F9848CD0090C6C0 /* Modulo Reportes */,
			);
			path = Controladores;
			sourceTree = "<group>";
		};
		1116BA641F8C59D5005C9AFF /* Vistas */ = {
			isa = PBXGroup;
			children = (
				1116BA831F8C6B17005C9AFF /* General */,
				1116D6C51F9432D00088D61B /* Modulo Finca */,
				A1BD868A1F9779730077C91E /* Modulo Sectores */,
				A1BD86921F97AB740077C91E /* Modulo Riego */,
			);
			path = Vistas;
			sourceTree = "<group>";
		};
		1116BA801F8C5A42005C9AFF /* Utils */ = {
			isa = PBXGroup;
			children = (
				1116BA911F8C7490005C9AFF /* SFUtils.h */,
				1116BA921F8C7490005C9AFF /* SFUtils.m */,
			);
			path = Utils;
			sourceTree = "<group>";
		};
		1116BA811F8C5A51005C9AFF /* General */ = {
			isa = PBXGroup;
			children = (
				1116BA8E1F8C6DA0005C9AFF /* SFConstantesComunes.h */,
				1116BA6D1F8C5A2C005C9AFF /* SFConstantesComunes.m */,
			);
			path = General;
			sourceTree = "<group>";
		};
		1116BA821F8C6AE9005C9AFF /* Configuracion Servicio */ = {
			isa = PBXGroup;
			children = (
				1116BA761F8C5A2C005C9AFF /* HTTPConector.h */,
				1116BA711F8C5A2C005C9AFF /* HTTPConector.m */,
			);
			path = "Configuracion Servicio";
			sourceTree = "<group>";
		};
		1116BA831F8C6B17005C9AFF /* General */ = {
			isa = PBXGroup;
			children = (
				1116BA841F8C6B7D005C9AFF /* SFActivityIndicator.h */,
				1116BA851F8C6B7D005C9AFF /* SFActivityIndicator.m */,
				11F020821F8F083F00DBC1DC /* SFTextField.h */,
				11F020831F8F083F00DBC1DC /* SFTextField.m */,
			);
			path = General;
			sourceTree = "<group>";
		};
		1116BA8F1F8C6E95005C9AFF /* Modulo Seguridad */ = {
			isa = PBXGroup;
			children = (
				1116DA971F906A3F0057A048 /* Respuestas */,
				11CD00911F8F176800C58C49 /* Solicitudes */,
				1116BA741F8C5A2C005C9AFF /* ServiciosModuloSeguridad.h */,
				1116BA6B1F8C5A2C005C9AFF /* ServiciosModuloSeguridad.m */,
			);
			path = "Modulo Seguridad";
			sourceTree = "<group>";
		};
		1116BA901F8C6EA2005C9AFF /* Modulo Finca */ = {
			isa = PBXGroup;
			children = (
				1116DA981F906F570057A048 /* Respuestas */,
				1116BA701F8C5A2C005C9AFF /* ServiciosModuloFinca.h */,
				1116BA731F8C5A2C005C9AFF /* ServiciosModuloFinca.m */,
			);
			path = "Modulo Finca";
			sourceTree = "<group>";
		};
		1116D6C11F940C490088D61B /* General */ = {
			isa = PBXGroup;
			children = (
				1116BA891F8C6D09005C9AFF /* SFViewControllerBase.h */,
				1116BA8A1F8C6D09005C9AFF /* SFViewControllerBase.m */,
				111D1DC11F92E01100E3A168 /* SFTableViewControllerBase.h */,
				111D1DC21F92E01100E3A168 /* SFTableViewControllerBase.m */,
				11F0207F1F8F078D00DBC1DC /* SFTextInputBaseViewController.h */,
				11F020801F8F078D00DBC1DC /* SFTextInputBaseViewController.m */,
				A10157151F9003BE00179ED7 /* SFFormularioBaseViewController.h */,
				A10157161F9003BE00179ED7 /* SFFormularioBaseViewController.m */,
			);
			path = General;
			sourceTree = "<group>";
		};
		1116D6C51F9432D00088D61B /* Modulo Finca */ = {
			isa = PBXGroup;
			children = (
				1116D6C61F9433020088D61B /* SFFincaTableViewCell.h */,
				1116D6C71F9433020088D61B /* SFFincaTableViewCell.m */,
			);
			path = "Modulo Finca";
			sourceTree = "<group>";
		};
		1116D6C91F9441DA0088D61B /* Librerias */ = {
			isa = PBXGroup;
			children = (
				1116D6CA1F9442370088D61B /* SideMenu */,
			);
			path = Librerias;
			sourceTree = "<group>";
		};
		1116D6CA1F9442370088D61B /* SideMenu */ = {
			isa = PBXGroup;
			children = (
				1116D6CD1F94424E0088D61B /* LGSideMenuBorderView.h */,
				1116D6D61F94424F0088D61B /* LGSideMenuBorderView.m */,
				1116D6D81F94424F0088D61B /* LGSideMenuController.h */,
				1116D6CC1F94424E0088D61B /* LGSideMenuController.m */,
				1116D6D21F94424E0088D61B /* LGSideMenuGesturesHandler.h */,
				1116D6CF1F94424E0088D61B /* LGSideMenuGesturesHandler.m */,
				1116D6D31F94424E0088D61B /* LGSideMenuHelper.h */,
				1116D6D01F94424E0088D61B /* LGSideMenuHelper.m */,
				1116D6D71F94424F0088D61B /* LGSideMenuSegue.h */,
				1116D6D41F94424E0088D61B /* LGSideMenuSegue.m */,
				1116D6D11F94424E0088D61B /* LGSideMenuView.h */,
				1116D6D51F94424E0088D61B /* LGSideMenuView.m */,
				1116D6CE1F94424E0088D61B /* UIViewController+LGSideMenuController.h */,
				1116D6CB1F94424E0088D61B /* UIViewController+LGSideMenuController.m */,
			);
			name = SideMenu;
			sourceTree = "<group>";
		};
		1116DA8F1F904B6E0057A048 /* General */ = {
			isa = PBXGroup;
			children = (
				1116BA6F1F8C5A2C005C9AFF /* BaseServicios.h */,
				1116BA751F8C5A2C005C9AFF /* BaseServicios.m */,
				A1AE0B901F8E9011009B4494 /* SolicitudServicioBase.h */,
				A1AE0B911F8E9011009B4494 /* SolicitudServicioBase.m */,
				A1AE0B8A1F8E8E1F009B4494 /* SolicitudServicioFincaBase.h */,
				A1AE0B8B1F8E8E1F009B4494 /* SolicitudServicioFincaBase.m */,
				A1AE0B871F8E8CFD009B4494 /* RespuestaServicioBase.h */,
				A1AE0B881F8E8CFD009B4494 /* RespuestaServicioBase.m */,
				A1AE0B8D1F8E8F0B009B4494 /* ErrorServicioBase.h */,
				A1AE0B8E1F8E8F0B009B4494 /* ErrorServicioBase.m */,
			);
			path = General;
			sourceTree = "<group>";
		};
		1116DA971F906A3F0057A048 /* Respuestas */ = {
			isa = PBXGroup;
			children = (
				1116DA941F906A370057A048 /* RespuestaInicioSesion.h */,
				1116DA951F906A370057A048 /* RespuestaInicioSesion.m */,
				111F7E0C1F94FE4F002615D5 /* RespuestaMostrarUsuario.h */,
				111F7E0D1F94FE4F002615D5 /* RespuestaMostrarUsuario.m */,
			);
			path = Respuestas;
			sourceTree = "<group>";
		};
		1116DA981F906F570057A048 /* Respuestas */ = {
			isa = PBXGroup;
			children = (
				1116DA991F906F8C0057A048 /* RespuestaMostrarFincas.h */,
				1116DA9A1F906F8C0057A048 /* RespuestaMostrarFincas.m */,
				1116D6C21F940E310088D61B /* RespuestaBuscarRoles.h */,
				1116D6C31F940E310088D61B /* RespuestaBuscarRoles.m */,
			);
			path = Respuestas;
			sourceTree = "<group>";
		};
		1116DA9C1F9072120057A048 /* Modulo Riego */ = {
			isa = PBXGroup;
			children = (
				1116DA9D1F90726C0057A048 /* ServiciosModuloRiego.h */,
				1116DA9E1F90726C0057A048 /* ServiciosModuloRiego.m */,
			);
			path = "Modulo Riego";
			sourceTree = "<group>";
		};
		111D1DC41F92F48F00E3A168 /* Clases */ = {
			isa = PBXGroup;
			children = (
				111D1DC51F92F4B600E3A168 /* SFFinca.h */,
				111D1DC61F92F4B600E3A168 /* SFFinca.m */,
				111D1DC81F92FA7500E3A168 /* SFSectorFinca.h */,
				111D1DC91F92FA7500E3A168 /* SFSectorFinca.m */,
				A1BD86961F97AC640077C91E /* SFMecanismoRiegoFincaSector.h */,
				A1BD86971F97AC650077C91E /* SFMecanismoRiegoFincaSector.m */,
			);
			path = Clases;
			sourceTree = "<group>";
		};
		11CD008D1F8F12AD00C58C49 /* Navegacion */ = {
			isa = PBXGroup;
			children = (
				11CD00951F8F1B7700C58C49 /* IdentificadoresSegue.h */,
				11CD00961F8F1B7700C58C49 /* IdentificadoresSegue.m */,
				11CD008E1F8F131B00C58C49 /* SFNavegarEstadoAutenticadoSegue.h */,
				11CD008F1F8F131B00C58C49 /* SFNavegarEstadoAutenticadoSegue.m */,
				1116D6EC1F94565F0088D61B /* SFNavegarASeccionFincaSegue.h */,
				1116D6ED1F94565F0088D61B /* SFNavegarASeccionFincaSegue.m */,
				111F7E0F1F951459002615D5 /* SFNavegarEstadoNoAutenticadoSegue.h */,
				111F7E101F951459002615D5 /* SFNavegarEstadoNoAutenticadoSegue.m */,
			);
			path = Navegacion;
			sourceTree = "<group>";
		};
		11CD00911F8F176800C58C49 /* Solicitudes */ = {
			isa = PBXGroup;
			children = (
				11CD00921F8F178D00C58C49 /* SolicitudInicioSesion.h */,
				11CD00931F8F178D00C58C49 /* SolicitudInicioSesion.m */,
				110CC7601F9854200090C6C0 /* SolicitudRegistrarUsuario.h */,
				110CC7611F9854200090C6C0 /* SolicitudRegistrarUsuario.m */,
			);
			path = Solicitudes;
			sourceTree = "<group>";
		};
		3E57AC0AC837ED7758E66663 /* Frameworks */ = {
			isa = PBXGroup;
			children = (
				678B84909B9700662B8D806F /* libPods-Smart Farming App.a */,
				E02CDAED7DF99ABBE5D66D55 /* libPods-Smart Farming AppTests.a */,
				01A8F455D29AC3820A5F7AE8 /* libPods-Smart Farming AppUITests.a */,
			);
			name = Frameworks;
			sourceTree = "<group>";
		};
		A1AE0B811F8E8BDF009B4494 /* Modulo Seguridad */ = {
			isa = PBXGroup;
			children = (
				11F0207C1F8F057900DBC1DC /* SFInicioSesionViewController.h */,
				11F0207D1F8F057900DBC1DC /* SFInicioSesionViewController.m */,
				A10157181F9003E600179ED7 /* SFRegistrarUsuarioViewController.h */,
				A10157191F9003E600179ED7 /* SFRegistrarUsuarioViewController.m */,
				A101571B1F90041F00179ED7 /* SFRecuperarCuentaViewController.h */,
				A101571C1F90041F00179ED7 /* SFRecuperarCuentaViewController.m */,
				111F7E091F94ED0A002615D5 /* SFPerfilUsuarioViewController.h */,
				111F7E0A1F94ED0A002615D5 /* SFPerfilUsuarioViewController.m */,
				111F8F0D1F95AF2400AB7E8F /* SFRecuperarCuentaNuevaContraseniaViewController.h */,
				111F8F0E1F95AF2400AB7E8F /* SFRecuperarCuentaNuevaContraseniaViewController.m */,
				111F8F131F95B2E600AB7E8F /* SFModificarUsuarioViewController.h */,
				111F8F141F95B2E600AB7E8F /* SFModificarUsuarioViewController.m */,
				111F8F161F95B32E00AB7E8F /* SFCambiarContraseniaViewController.h */,
				111F8F171F95B32E00AB7E8F /* SFCambiarContraseniaViewController.m */,
			);
			path = "Modulo Seguridad";
			sourceTree = "<group>";
		};
		A1AE0B821F8E8BF1009B4494 /* Modulo Finca */ = {
			isa = PBXGroup;
			children = (
				111D1DBB1F92DE9E00E3A168 /* SFFincasEncargadoViewController.h */,
				111D1DBC1F92DE9E00E3A168 /* SFFincasEncargadoViewController.m */,
				111D1DBE1F92DEBC00E3A168 /* SFFincasOtrosRolesViewController.h */,
				111D1DBF1F92DEBC00E3A168 /* SFFincasOtrosRolesViewController.m */,
				1116D6BE1F9390DE0088D61B /* SFFincasPendientesViewController.h */,
				1116D6BF1F9390DE0088D61B /* SFFincasPendientesViewController.m */,
				1116D6E01F9444890088D61B /* FincaLeftMenuTableViewController.h */,
				1116D6E11F9444890088D61B /* FincaLeftMenuTableViewController.m */,
				1116D6E31F94449A0088D61B /* FincaRightMenuTableViewController.h */,
				1116D6E41F94449A0088D61B /* FincaRightMenuTableViewController.m */,
				1116D6E91F9451F70088D61B /* SFInformacionFincaActivadaViewController.h */,
				1116D6EA1F9451F70088D61B /* SFInformacionFincaActivadaViewController.m */,
			);
			path = "Modulo Finca";
			sourceTree = "<group>";
		};
		A1BD867D1F9776180077C91E /* Modulo Sectores */ = {
			isa = PBXGroup;
			children = (
				A1BD867F1F9776810077C91E /* SFSectoresTableViewController.h */,
				A1BD86801F9776810077C91E /* SFSectoresTableViewController.m */,
			);
			path = "Modulo Sectores";
			sourceTree = "<group>";
		};
		A1BD867E1F9776260077C91E /* Modulo Riego */ = {
			isa = PBXGroup;
			children = (
				A1BD868E1F97AB0D0077C91E /* SFMecanismosRiegoHabilitadosViewController.h */,
				A1BD868F1F97AB0E0077C91E /* SFMecanismosRiegoHabilitadosViewController.m */,
			);
			path = "Modulo Riego";
			sourceTree = "<group>";
		};
		A1BD86821F9776F40077C91E /* Modulo Sectores */ = {
			isa = PBXGroup;
			children = (
				A1BD86861F97785D0077C91E /* Respuestas */,
				A1BD86831F9777520077C91E /* ServiciosModuloSectores.h */,
				A1BD86841F9777520077C91E /* ServiciosModuloSectores.m */,
			);
			path = "Modulo Sectores";
			sourceTree = "<group>";
		};
		A1BD86861F97785D0077C91E /* Respuestas */ = {
			isa = PBXGroup;
			children = (
				A1BD86871F9778830077C91E /* RespuestaObtenerSectores.h */,
				A1BD86881F9778830077C91E /* RespuestaObtenerSectores.m */,
			);
			path = Respuestas;
			sourceTree = "<group>";
		};
		A1BD868A1F9779730077C91E /* Modulo Sectores */ = {
			isa = PBXGroup;
			children = (
				A1BD868B1F9779970077C91E /* SFSectorTableViewCell.h */,
				A1BD868C1F9779970077C91E /* SFSectorTableViewCell.m */,
			);
			path = "Modulo Sectores";
			sourceTree = "<group>";
		};
		A1BD86921F97AB740077C91E /* Modulo Riego */ = {
			isa = PBXGroup;
			children = (
				A1BD86931F97ABDF0077C91E /* SFMecanismoRiegoHabilitadoTableViewCell.h */,
				A1BD86941F97ABDF0077C91E /* SFMecanismoRiegoHabilitadoTableViewCell.m */,
			);
			path = "Modulo Riego";
			sourceTree = "<group>";
		};
		B0305F0AC2144FEB6B2E1558 /* Pods */ = {
			isa = PBXGroup;
			children = (
				AA27972AF7A47216E490E53A /* Pods-Smart Farming App.debug.xcconfig */,
				ADF4D971DF49EE7504D8D4CC /* Pods-Smart Farming App.release.xcconfig */,
				C003E76DAD8EF88052DF42C2 /* Pods-Smart Farming AppTests.debug.xcconfig */,
				1C3A09F744782A2111FFE684 /* Pods-Smart Farming AppTests.release.xcconfig */,
				A31BF76F63193F1D17D68FEC /* Pods-Smart Farming AppUITests.debug.xcconfig */,
				02958B0F78B72D3983C840CA /* Pods-Smart Farming AppUITests.release.xcconfig */,
			);
			name = Pods;
			sourceTree = "<group>";
		};
/* End PBXGroup section */

/* Begin PBXNativeTarget section */
		1116BA2C1F8C5866005C9AFF /* Smart Farming App */ = {
			isa = PBXNativeTarget;
			buildConfigurationList = 1116BA591F8C5866005C9AFF /* Build configuration list for PBXNativeTarget "Smart Farming App" */;
			buildPhases = (
				156A8F7A8B56AE0D357113B6 /* [CP] Check Pods Manifest.lock */,
				1116BA291F8C5866005C9AFF /* Sources */,
				1116BA2A1F8C5866005C9AFF /* Frameworks */,
				1116BA2B1F8C5866005C9AFF /* Resources */,
				AED1DC3A8779A363822EAB0F /* [CP] Embed Pods Frameworks */,
				26BC4F1F31B6AE0DC134FB45 /* [CP] Copy Pods Resources */,
			);
			buildRules = (
			);
			dependencies = (
			);
			name = "Smart Farming App";
			productName = "Smart Farming App";
			productReference = 1116BA2D1F8C5866005C9AFF /* Smart Farming App.app */;
			productType = "com.apple.product-type.application";
		};
		1116BA441F8C5866005C9AFF /* Smart Farming AppTests */ = {
			isa = PBXNativeTarget;
			buildConfigurationList = 1116BA5C1F8C5866005C9AFF /* Build configuration list for PBXNativeTarget "Smart Farming AppTests" */;
			buildPhases = (
				2201F585E236AC0E47DB0692 /* [CP] Check Pods Manifest.lock */,
				1116BA411F8C5866005C9AFF /* Sources */,
				1116BA421F8C5866005C9AFF /* Frameworks */,
				1116BA431F8C5866005C9AFF /* Resources */,
				DA58C49FF880613B6CB2B21A /* [CP] Embed Pods Frameworks */,
				D3924F4F9C163F76E75DCED8 /* [CP] Copy Pods Resources */,
			);
			buildRules = (
			);
			dependencies = (
				1116BA471F8C5866005C9AFF /* PBXTargetDependency */,
			);
			name = "Smart Farming AppTests";
			productName = "Smart Farming AppTests";
			productReference = 1116BA451F8C5866005C9AFF /* Smart Farming AppTests.xctest */;
			productType = "com.apple.product-type.bundle.unit-test";
		};
		1116BA4F1F8C5866005C9AFF /* Smart Farming AppUITests */ = {
			isa = PBXNativeTarget;
			buildConfigurationList = 1116BA5F1F8C5866005C9AFF /* Build configuration list for PBXNativeTarget "Smart Farming AppUITests" */;
			buildPhases = (
				AF921D4E83D2BA305B94A2A4 /* [CP] Check Pods Manifest.lock */,
				1116BA4C1F8C5866005C9AFF /* Sources */,
				1116BA4D1F8C5866005C9AFF /* Frameworks */,
				1116BA4E1F8C5866005C9AFF /* Resources */,
				231480952EC663F813F7037C /* [CP] Embed Pods Frameworks */,
				E3C9C2101AD7BD81BC58C726 /* [CP] Copy Pods Resources */,
			);
			buildRules = (
			);
			dependencies = (
				1116BA521F8C5866005C9AFF /* PBXTargetDependency */,
			);
			name = "Smart Farming AppUITests";
			productName = "Smart Farming AppUITests";
			productReference = 1116BA501F8C5866005C9AFF /* Smart Farming AppUITests.xctest */;
			productType = "com.apple.product-type.bundle.ui-testing";
		};
/* End PBXNativeTarget section */

/* Begin PBXProject section */
		1116BA251F8C5866005C9AFF /* Project object */ = {
			isa = PBXProject;
			attributes = {
				LastUpgradeCheck = 0900;
				ORGANIZATIONNAME = "Smart Farming";
				TargetAttributes = {
					1116BA2C1F8C5866005C9AFF = {
						CreatedOnToolsVersion = 9.0;
						ProvisioningStyle = Automatic;
					};
					1116BA441F8C5866005C9AFF = {
						CreatedOnToolsVersion = 9.0;
						ProvisioningStyle = Automatic;
						TestTargetID = 1116BA2C1F8C5866005C9AFF;
					};
					1116BA4F1F8C5866005C9AFF = {
						CreatedOnToolsVersion = 9.0;
						ProvisioningStyle = Automatic;
						TestTargetID = 1116BA2C1F8C5866005C9AFF;
					};
				};
			};
			buildConfigurationList = 1116BA281F8C5866005C9AFF /* Build configuration list for PBXProject "Smart Farming App" */;
			compatibilityVersion = "Xcode 8.0";
			developmentRegion = en;
			hasScannedForEncodings = 0;
			knownRegions = (
				en,
				Base,
			);
			mainGroup = 1116BA241F8C5866005C9AFF;
			productRefGroup = 1116BA2E1F8C5866005C9AFF /* Products */;
			projectDirPath = "";
			projectRoot = "";
			targets = (
				1116BA2C1F8C5866005C9AFF /* Smart Farming App */,
				1116BA441F8C5866005C9AFF /* Smart Farming AppTests */,
				1116BA4F1F8C5866005C9AFF /* Smart Farming AppUITests */,
			);
		};
/* End PBXProject section */

/* Begin PBXResourcesBuildPhase section */
		1116BA2B1F8C5866005C9AFF /* Resources */ = {
			isa = PBXResourcesBuildPhase;
			buildActionMask = 2147483647;
			files = (
				1116BA3D1F8C5866005C9AFF /* LaunchScreen.storyboard in Resources */,
				1116BA3A1F8C5866005C9AFF /* Assets.xcassets in Resources */,
				1116BA381F8C5866005C9AFF /* Main.storyboard in Resources */,
			);
			runOnlyForDeploymentPostprocessing = 0;
		};
		1116BA431F8C5866005C9AFF /* Resources */ = {
			isa = PBXResourcesBuildPhase;
			buildActionMask = 2147483647;
			files = (
			);
			runOnlyForDeploymentPostprocessing = 0;
		};
		1116BA4E1F8C5866005C9AFF /* Resources */ = {
			isa = PBXResourcesBuildPhase;
			buildActionMask = 2147483647;
			files = (
			);
			runOnlyForDeploymentPostprocessing = 0;
		};
/* End PBXResourcesBuildPhase section */

/* Begin PBXShellScriptBuildPhase section */
		156A8F7A8B56AE0D357113B6 /* [CP] Check Pods Manifest.lock */ = {
			isa = PBXShellScriptBuildPhase;
			buildActionMask = 2147483647;
			files = (
			);
			inputPaths = (
				"${PODS_PODFILE_DIR_PATH}/Podfile.lock",
				"${PODS_ROOT}/Manifest.lock",
			);
			name = "[CP] Check Pods Manifest.lock";
			outputPaths = (
				"$(DERIVED_FILE_DIR)/Pods-Smart Farming App-checkManifestLockResult.txt",
			);
			runOnlyForDeploymentPostprocessing = 0;
			shellPath = /bin/sh;
			shellScript = "diff \"${PODS_PODFILE_DIR_PATH}/Podfile.lock\" \"${PODS_ROOT}/Manifest.lock\" > /dev/null\nif [ $? != 0 ] ; then\n    # print error to STDERR\n    echo \"error: The sandbox is not in sync with the Podfile.lock. Run 'pod install' or update your CocoaPods installation.\" >&2\n    exit 1\nfi\n# This output is used by Xcode 'outputs' to avoid re-running this script phase.\necho \"SUCCESS\" > \"${SCRIPT_OUTPUT_FILE_0}\"\n";
			showEnvVarsInLog = 0;
		};
		2201F585E236AC0E47DB0692 /* [CP] Check Pods Manifest.lock */ = {
			isa = PBXShellScriptBuildPhase;
			buildActionMask = 2147483647;
			files = (
			);
			inputPaths = (
				"${PODS_PODFILE_DIR_PATH}/Podfile.lock",
				"${PODS_ROOT}/Manifest.lock",
			);
			name = "[CP] Check Pods Manifest.lock";
			outputPaths = (
				"$(DERIVED_FILE_DIR)/Pods-Smart Farming AppTests-checkManifestLockResult.txt",
			);
			runOnlyForDeploymentPostprocessing = 0;
			shellPath = /bin/sh;
			shellScript = "diff \"${PODS_PODFILE_DIR_PATH}/Podfile.lock\" \"${PODS_ROOT}/Manifest.lock\" > /dev/null\nif [ $? != 0 ] ; then\n    # print error to STDERR\n    echo \"error: The sandbox is not in sync with the Podfile.lock. Run 'pod install' or update your CocoaPods installation.\" >&2\n    exit 1\nfi\n# This output is used by Xcode 'outputs' to avoid re-running this script phase.\necho \"SUCCESS\" > \"${SCRIPT_OUTPUT_FILE_0}\"\n";
			showEnvVarsInLog = 0;
		};
		231480952EC663F813F7037C /* [CP] Embed Pods Frameworks */ = {
			isa = PBXShellScriptBuildPhase;
			buildActionMask = 2147483647;
			files = (
			);
			inputPaths = (
			);
			name = "[CP] Embed Pods Frameworks";
			outputPaths = (
			);
			runOnlyForDeploymentPostprocessing = 0;
			shellPath = /bin/sh;
			shellScript = "\"${SRCROOT}/Pods/Target Support Files/Pods-Smart Farming AppUITests/Pods-Smart Farming AppUITests-frameworks.sh\"\n";
			showEnvVarsInLog = 0;
		};
		26BC4F1F31B6AE0DC134FB45 /* [CP] Copy Pods Resources */ = {
			isa = PBXShellScriptBuildPhase;
			buildActionMask = 2147483647;
			files = (
			);
			inputPaths = (
				"${SRCROOT}/Pods/Target Support Files/Pods-Smart Farming App/Pods-Smart Farming App-resources.sh",
				"${PODS_ROOT}/CCTextFieldEffects/CCTextFieldEffects/pencil.png",
				"${PODS_ROOT}/XLForm/XLForm/XLForm.bundle",
			);
			name = "[CP] Copy Pods Resources";
			outputPaths = (
				"${TARGET_BUILD_DIR}/${UNLOCALIZED_RESOURCES_FOLDER_PATH}",
			);
			runOnlyForDeploymentPostprocessing = 0;
			shellPath = /bin/sh;
			shellScript = "\"${SRCROOT}/Pods/Target Support Files/Pods-Smart Farming App/Pods-Smart Farming App-resources.sh\"\n";
			showEnvVarsInLog = 0;
		};
		AED1DC3A8779A363822EAB0F /* [CP] Embed Pods Frameworks */ = {
			isa = PBXShellScriptBuildPhase;
			buildActionMask = 2147483647;
			files = (
			);
			inputPaths = (
			);
			name = "[CP] Embed Pods Frameworks";
			outputPaths = (
			);
			runOnlyForDeploymentPostprocessing = 0;
			shellPath = /bin/sh;
			shellScript = "\"${SRCROOT}/Pods/Target Support Files/Pods-Smart Farming App/Pods-Smart Farming App-frameworks.sh\"\n";
			showEnvVarsInLog = 0;
		};
		AF921D4E83D2BA305B94A2A4 /* [CP] Check Pods Manifest.lock */ = {
			isa = PBXShellScriptBuildPhase;
			buildActionMask = 2147483647;
			files = (
			);
			inputPaths = (
				"${PODS_PODFILE_DIR_PATH}/Podfile.lock",
				"${PODS_ROOT}/Manifest.lock",
			);
			name = "[CP] Check Pods Manifest.lock";
			outputPaths = (
				"$(DERIVED_FILE_DIR)/Pods-Smart Farming AppUITests-checkManifestLockResult.txt",
			);
			runOnlyForDeploymentPostprocessing = 0;
			shellPath = /bin/sh;
			shellScript = "diff \"${PODS_PODFILE_DIR_PATH}/Podfile.lock\" \"${PODS_ROOT}/Manifest.lock\" > /dev/null\nif [ $? != 0 ] ; then\n    # print error to STDERR\n    echo \"error: The sandbox is not in sync with the Podfile.lock. Run 'pod install' or update your CocoaPods installation.\" >&2\n    exit 1\nfi\n# This output is used by Xcode 'outputs' to avoid re-running this script phase.\necho \"SUCCESS\" > \"${SCRIPT_OUTPUT_FILE_0}\"\n";
			showEnvVarsInLog = 0;
		};
		D3924F4F9C163F76E75DCED8 /* [CP] Copy Pods Resources */ = {
			isa = PBXShellScriptBuildPhase;
			buildActionMask = 2147483647;
			files = (
			);
			inputPaths = (
			);
			name = "[CP] Copy Pods Resources";
			outputPaths = (
			);
			runOnlyForDeploymentPostprocessing = 0;
			shellPath = /bin/sh;
			shellScript = "\"${SRCROOT}/Pods/Target Support Files/Pods-Smart Farming AppTests/Pods-Smart Farming AppTests-resources.sh\"\n";
			showEnvVarsInLog = 0;
		};
		DA58C49FF880613B6CB2B21A /* [CP] Embed Pods Frameworks */ = {
			isa = PBXShellScriptBuildPhase;
			buildActionMask = 2147483647;
			files = (
			);
			inputPaths = (
			);
			name = "[CP] Embed Pods Frameworks";
			outputPaths = (
			);
			runOnlyForDeploymentPostprocessing = 0;
			shellPath = /bin/sh;
			shellScript = "\"${SRCROOT}/Pods/Target Support Files/Pods-Smart Farming AppTests/Pods-Smart Farming AppTests-frameworks.sh\"\n";
			showEnvVarsInLog = 0;
		};
		E3C9C2101AD7BD81BC58C726 /* [CP] Copy Pods Resources */ = {
			isa = PBXShellScriptBuildPhase;
			buildActionMask = 2147483647;
			files = (
			);
			inputPaths = (
			);
			name = "[CP] Copy Pods Resources";
			outputPaths = (
			);
			runOnlyForDeploymentPostprocessing = 0;
			shellPath = /bin/sh;
			shellScript = "\"${SRCROOT}/Pods/Target Support Files/Pods-Smart Farming AppUITests/Pods-Smart Farming AppUITests-resources.sh\"\n";
			showEnvVarsInLog = 0;
		};
/* End PBXShellScriptBuildPhase section */

/* Begin PBXSourcesBuildPhase section */
		1116BA291F8C5866005C9AFF /* Sources */ = {
			isa = PBXSourcesBuildPhase;
			buildActionMask = 2147483647;
			files = (
				1116BA7F1F8C5A2C005C9AFF /* BaseServicios.m in Sources */,
				111F7E0E1F94FE4F002615D5 /* RespuestaMostrarUsuario.m in Sources */,
				1116D6E51F94449A0088D61B /* FincaRightMenuTableViewController.m in Sources */,
				1116D6DF1F94424F0088D61B /* LGSideMenuBorderView.m in Sources */,
				1116D6DC1F94424F0088D61B /* LGSideMenuHelper.m in Sources */,
				1116D6C81F9433020088D61B /* SFFincaTableViewCell.m in Sources */,
				111F7E111F951459002615D5 /* SFNavegarEstadoNoAutenticadoSegue.m in Sources */,
				1116D6C01F9390DE0088D61B /* SFFincasPendientesViewController.m in Sources */,
				1116BA8B1F8C6D09005C9AFF /* SFViewControllerBase.m in Sources */,
				A1BD86851F9777520077C91E /* ServiciosModuloSectores.m in Sources */,
				A1AE0B891F8E8CFD009B4494 /* RespuestaServicioBase.m in Sources */,
				1116D6DA1F94424F0088D61B /* LGSideMenuController.m in Sources */,
				1116BA771F8C5A2C005C9AFF /* ContextoUsuario.m in Sources */,
				11F020811F8F078D00DBC1DC /* SFTextInputBaseViewController.m in Sources */,
				110CC7621F9854200090C6C0 /* SolicitudRegistrarUsuario.m in Sources */,
				A1BD86901F97AB0E0077C91E /* SFMecanismosRiegoHabilitadosViewController.m in Sources */,
				111F8F181F95B32E00AB7E8F /* SFCambiarContraseniaViewController.m in Sources */,
				1116DA9B1F906F8C0057A048 /* RespuestaMostrarFincas.m in Sources */,
				1116BA7A1F8C5A2C005C9AFF /* ServiciosModuloSeguridad.m in Sources */,
				1116BA7E1F8C5A2C005C9AFF /* ServiciosModuloFinca.m in Sources */,
				111D1DC71F92F4B600E3A168 /* SFFinca.m in Sources */,
				A1BD86811F9776810077C91E /* SFSectoresTableViewController.m in Sources */,
				1116DA961F906A370057A048 /* RespuestaInicioSesion.m in Sources */,
				1116D6DB1F94424F0088D61B /* LGSideMenuGesturesHandler.m in Sources */,
				A101571D1F90041F00179ED7 /* SFRecuperarCuentaViewController.m in Sources */,
				11CD00971F8F1B7700C58C49 /* IdentificadoresSegue.m in Sources */,
				A101571A1F9003E600179ED7 /* SFRegistrarUsuarioViewController.m in Sources */,
				1116BA7D1F8C5A2C005C9AFF /* HTTPConector.m in Sources */,
				1116D6DE1F94424F0088D61B /* LGSideMenuView.m in Sources */,
				1116BA401F8C5866005C9AFF /* main.m in Sources */,
				1116BA7B1F8C5A2C005C9AFF /* SFConstantesComunes.m in Sources */,
				110CC75F1F9849030090C6C0 /* SFMenuReportesViewController.m in Sources */,
				1116D6EB1F9451F70088D61B /* SFInformacionFincaActivadaViewController.m in Sources */,
				111D1DBD1F92DE9E00E3A168 /* SFFincasEncargadoViewController.m in Sources */,
				1116DA9F1F90726C0057A048 /* ServiciosModuloRiego.m in Sources */,
				111D1DC31F92E01100E3A168 /* SFTableViewControllerBase.m in Sources */,
				11F020841F8F083F00DBC1DC /* SFTextField.m in Sources */,
				111F8F151F95B2E600AB7E8F /* SFModificarUsuarioViewController.m in Sources */,
				1116D6EE1F94565F0088D61B /* SFNavegarASeccionFincaSegue.m in Sources */,
				A1AE0B8C1F8E8E1F009B4494 /* SolicitudServicioFincaBase.m in Sources */,
				1116D6D91F94424F0088D61B /* UIViewController+LGSideMenuController.m in Sources */,
				A1BD86891F9778830077C91E /* RespuestaObtenerSectores.m in Sources */,
				1116D6C41F940E310088D61B /* RespuestaBuscarRoles.m in Sources */,
				A1BD86951F97ABDF0077C91E /* SFMecanismoRiegoHabilitadoTableViewCell.m in Sources */,
				1116BA931F8C7490005C9AFF /* SFUtils.m in Sources */,
				A10157171F9003BE00179ED7 /* SFFormularioBaseViewController.m in Sources */,
				1116BA861F8C6B7D005C9AFF /* SFActivityIndicator.m in Sources */,
				11CD00941F8F178D00C58C49 /* SolicitudInicioSesion.m in Sources */,
				111D1DCA1F92FA7500E3A168 /* SFSectorFinca.m in Sources */,
				A1AE0B921F8E9011009B4494 /* SolicitudServicioBase.m in Sources */,
				1116D6DD1F94424F0088D61B /* LGSideMenuSegue.m in Sources */,
				11F0207E1F8F057900DBC1DC /* SFInicioSesionViewController.m in Sources */,
				A1AE0B8F1F8E8F0B009B4494 /* ErrorServicioBase.m in Sources */,
				1116D6E21F9444890088D61B /* FincaLeftMenuTableViewController.m in Sources */,
				A1BD86981F97AC650077C91E /* SFMecanismoRiegoFincaSector.m in Sources */,
				111F8F0F1F95AF2400AB7E8F /* SFRecuperarCuentaNuevaContraseniaViewController.m in Sources */,
				111F7E0B1F94ED0A002615D5 /* SFPerfilUsuarioViewController.m in Sources */,
				1116BA321F8C5866005C9AFF /* AppDelegate.m in Sources */,
				111D1DC01F92DEBC00E3A168 /* SFFincasOtrosRolesViewController.m in Sources */,
				A1BD868D1F9779970077C91E /* SFSectorTableViewCell.m in Sources */,
				11CD00901F8F131B00C58C49 /* SFNavegarEstadoAutenticadoSegue.m in Sources */,
			);
			runOnlyForDeploymentPostprocessing = 0;
		};
		1116BA411F8C5866005C9AFF /* Sources */ = {
			isa = PBXSourcesBuildPhase;
			buildActionMask = 2147483647;
			files = (
				1116BA4A1F8C5866005C9AFF /* Smart_Farming_AppTests.m in Sources */,
			);
			runOnlyForDeploymentPostprocessing = 0;
		};
		1116BA4C1F8C5866005C9AFF /* Sources */ = {
			isa = PBXSourcesBuildPhase;
			buildActionMask = 2147483647;
			files = (
				1116BA551F8C5866005C9AFF /* Smart_Farming_AppUITests.m in Sources */,
			);
			runOnlyForDeploymentPostprocessing = 0;
		};
/* End PBXSourcesBuildPhase section */

/* Begin PBXTargetDependency section */
		1116BA471F8C5866005C9AFF /* PBXTargetDependency */ = {
			isa = PBXTargetDependency;
			target = 1116BA2C1F8C5866005C9AFF /* Smart Farming App */;
			targetProxy = 1116BA461F8C5866005C9AFF /* PBXContainerItemProxy */;
		};
		1116BA521F8C5866005C9AFF /* PBXTargetDependency */ = {
			isa = PBXTargetDependency;
			target = 1116BA2C1F8C5866005C9AFF /* Smart Farming App */;
			targetProxy = 1116BA511F8C5866005C9AFF /* PBXContainerItemProxy */;
		};
/* End PBXTargetDependency section */

/* Begin PBXVariantGroup section */
		1116BA361F8C5866005C9AFF /* Main.storyboard */ = {
			isa = PBXVariantGroup;
			children = (
				1116BA371F8C5866005C9AFF /* Base */,
			);
			name = Main.storyboard;
			sourceTree = "<group>";
		};
		1116BA3B1F8C5866005C9AFF /* LaunchScreen.storyboard */ = {
			isa = PBXVariantGroup;
			children = (
				1116BA3C1F8C5866005C9AFF /* Base */,
			);
			name = LaunchScreen.storyboard;
			sourceTree = "<group>";
		};
/* End PBXVariantGroup section */

/* Begin XCBuildConfiguration section */
		1116BA571F8C5866005C9AFF /* Debug */ = {
			isa = XCBuildConfiguration;
			buildSettings = {
				ALWAYS_SEARCH_USER_PATHS = NO;
				CLANG_ANALYZER_NONNULL = YES;
				CLANG_ANALYZER_NUMBER_OBJECT_CONVERSION = YES_AGGRESSIVE;
				CLANG_CXX_LANGUAGE_STANDARD = "gnu++14";
				CLANG_CXX_LIBRARY = "libc++";
				CLANG_ENABLE_MODULES = YES;
				CLANG_ENABLE_OBJC_ARC = YES;
				CLANG_WARN_BLOCK_CAPTURE_AUTORELEASING = YES;
				CLANG_WARN_BOOL_CONVERSION = YES;
				CLANG_WARN_COMMA = YES;
				CLANG_WARN_CONSTANT_CONVERSION = YES;
				CLANG_WARN_DIRECT_OBJC_ISA_USAGE = YES_ERROR;
				CLANG_WARN_DOCUMENTATION_COMMENTS = YES;
				CLANG_WARN_EMPTY_BODY = YES;
				CLANG_WARN_ENUM_CONVERSION = YES;
				CLANG_WARN_INFINITE_RECURSION = YES;
				CLANG_WARN_INT_CONVERSION = YES;
				CLANG_WARN_NON_LITERAL_NULL_CONVERSION = YES;
				CLANG_WARN_OBJC_LITERAL_CONVERSION = YES;
				CLANG_WARN_OBJC_ROOT_CLASS = YES_ERROR;
				CLANG_WARN_RANGE_LOOP_ANALYSIS = YES;
				CLANG_WARN_STRICT_PROTOTYPES = YES;
				CLANG_WARN_SUSPICIOUS_MOVE = YES;
				CLANG_WARN_UNGUARDED_AVAILABILITY = YES_AGGRESSIVE;
				CLANG_WARN_UNREACHABLE_CODE = YES;
				CLANG_WARN__DUPLICATE_METHOD_MATCH = YES;
				CODE_SIGN_IDENTITY = "iPhone Developer";
				COPY_PHASE_STRIP = NO;
				DEBUG_INFORMATION_FORMAT = dwarf;
				ENABLE_STRICT_OBJC_MSGSEND = YES;
				ENABLE_TESTABILITY = YES;
				GCC_C_LANGUAGE_STANDARD = gnu11;
				GCC_DYNAMIC_NO_PIC = NO;
				GCC_NO_COMMON_BLOCKS = YES;
				GCC_OPTIMIZATION_LEVEL = 0;
				GCC_PREPROCESSOR_DEFINITIONS = (
					"DEBUG=1",
					"$(inherited)",
				);
				GCC_WARN_64_TO_32_BIT_CONVERSION = YES;
				GCC_WARN_ABOUT_RETURN_TYPE = YES_ERROR;
				GCC_WARN_UNDECLARED_SELECTOR = YES;
				GCC_WARN_UNINITIALIZED_AUTOS = YES_AGGRESSIVE;
				GCC_WARN_UNUSED_FUNCTION = YES;
				GCC_WARN_UNUSED_VARIABLE = YES;
				IPHONEOS_DEPLOYMENT_TARGET = 11.0;
				MTL_ENABLE_DEBUG_INFO = YES;
				ONLY_ACTIVE_ARCH = YES;
				SDKROOT = iphoneos;
			};
			name = Debug;
		};
		1116BA581F8C5866005C9AFF /* Release */ = {
			isa = XCBuildConfiguration;
			buildSettings = {
				ALWAYS_SEARCH_USER_PATHS = NO;
				CLANG_ANALYZER_NONNULL = YES;
				CLANG_ANALYZER_NUMBER_OBJECT_CONVERSION = YES_AGGRESSIVE;
				CLANG_CXX_LANGUAGE_STANDARD = "gnu++14";
				CLANG_CXX_LIBRARY = "libc++";
				CLANG_ENABLE_MODULES = YES;
				CLANG_ENABLE_OBJC_ARC = YES;
				CLANG_WARN_BLOCK_CAPTURE_AUTORELEASING = YES;
				CLANG_WARN_BOOL_CONVERSION = YES;
				CLANG_WARN_COMMA = YES;
				CLANG_WARN_CONSTANT_CONVERSION = YES;
				CLANG_WARN_DIRECT_OBJC_ISA_USAGE = YES_ERROR;
				CLANG_WARN_DOCUMENTATION_COMMENTS = YES;
				CLANG_WARN_EMPTY_BODY = YES;
				CLANG_WARN_ENUM_CONVERSION = YES;
				CLANG_WARN_INFINITE_RECURSION = YES;
				CLANG_WARN_INT_CONVERSION = YES;
				CLANG_WARN_NON_LITERAL_NULL_CONVERSION = YES;
				CLANG_WARN_OBJC_LITERAL_CONVERSION = YES;
				CLANG_WARN_OBJC_ROOT_CLASS = YES_ERROR;
				CLANG_WARN_RANGE_LOOP_ANALYSIS = YES;
				CLANG_WARN_STRICT_PROTOTYPES = YES;
				CLANG_WARN_SUSPICIOUS_MOVE = YES;
				CLANG_WARN_UNGUARDED_AVAILABILITY = YES_AGGRESSIVE;
				CLANG_WARN_UNREACHABLE_CODE = YES;
				CLANG_WARN__DUPLICATE_METHOD_MATCH = YES;
				CODE_SIGN_IDENTITY = "iPhone Developer";
				COPY_PHASE_STRIP = NO;
				DEBUG_INFORMATION_FORMAT = "dwarf-with-dsym";
				ENABLE_NS_ASSERTIONS = NO;
				ENABLE_STRICT_OBJC_MSGSEND = YES;
				GCC_C_LANGUAGE_STANDARD = gnu11;
				GCC_NO_COMMON_BLOCKS = YES;
				GCC_WARN_64_TO_32_BIT_CONVERSION = YES;
				GCC_WARN_ABOUT_RETURN_TYPE = YES_ERROR;
				GCC_WARN_UNDECLARED_SELECTOR = YES;
				GCC_WARN_UNINITIALIZED_AUTOS = YES_AGGRESSIVE;
				GCC_WARN_UNUSED_FUNCTION = YES;
				GCC_WARN_UNUSED_VARIABLE = YES;
				IPHONEOS_DEPLOYMENT_TARGET = 11.0;
				MTL_ENABLE_DEBUG_INFO = NO;
				SDKROOT = iphoneos;
				VALIDATE_PRODUCT = YES;
			};
			name = Release;
		};
		1116BA5A1F8C5866005C9AFF /* Debug */ = {
			isa = XCBuildConfiguration;
			baseConfigurationReference = AA27972AF7A47216E490E53A /* Pods-Smart Farming App.debug.xcconfig */;
			buildSettings = {
				ASSETCATALOG_COMPILER_APPICON_NAME = AppIcon;
				CODE_SIGN_STYLE = Automatic;
				DEVELOPMENT_TEAM = 7MXLATLY7W;
				INFOPLIST_FILE = "Smart Farming App/Info.plist";
				IPHONEOS_DEPLOYMENT_TARGET = 10.3;
				LD_RUNPATH_SEARCH_PATHS = "$(inherited) @executable_path/Frameworks";
				PRODUCT_BUNDLE_IDENTIFIER = "smartfarming.Smart-Farming-App";
				PRODUCT_NAME = "$(TARGET_NAME)";
				TARGETED_DEVICE_FAMILY = 1;
			};
			name = Debug;
		};
		1116BA5B1F8C5866005C9AFF /* Release */ = {
			isa = XCBuildConfiguration;
			baseConfigurationReference = ADF4D971DF49EE7504D8D4CC /* Pods-Smart Farming App.release.xcconfig */;
			buildSettings = {
				ASSETCATALOG_COMPILER_APPICON_NAME = AppIcon;
				CODE_SIGN_STYLE = Automatic;
				DEVELOPMENT_TEAM = 7MXLATLY7W;
				INFOPLIST_FILE = "Smart Farming App/Info.plist";
				IPHONEOS_DEPLOYMENT_TARGET = 10.3;
				LD_RUNPATH_SEARCH_PATHS = "$(inherited) @executable_path/Frameworks";
				PRODUCT_BUNDLE_IDENTIFIER = "smartfarming.Smart-Farming-App";
				PRODUCT_NAME = "$(TARGET_NAME)";
				TARGETED_DEVICE_FAMILY = 1;
			};
			name = Release;
		};
		1116BA5D1F8C5866005C9AFF /* Debug */ = {
			isa = XCBuildConfiguration;
			baseConfigurationReference = C003E76DAD8EF88052DF42C2 /* Pods-Smart Farming AppTests.debug.xcconfig */;
			buildSettings = {
				BUNDLE_LOADER = "$(TEST_HOST)";
				CODE_SIGN_STYLE = Automatic;
				INFOPLIST_FILE = "Smart Farming AppTests/Info.plist";
				LD_RUNPATH_SEARCH_PATHS = "$(inherited) @executable_path/Frameworks @loader_path/Frameworks";
				PRODUCT_BUNDLE_IDENTIFIER = "smartfarming.Smart-Farming-AppTests";
				PRODUCT_NAME = "$(TARGET_NAME)";
				TARGETED_DEVICE_FAMILY = "1,2";
				TEST_HOST = "$(BUILT_PRODUCTS_DIR)/Smart Farming App.app/Smart Farming App";
			};
			name = Debug;
		};
		1116BA5E1F8C5866005C9AFF /* Release */ = {
			isa = XCBuildConfiguration;
			baseConfigurationReference = 1C3A09F744782A2111FFE684 /* Pods-Smart Farming AppTests.release.xcconfig */;
			buildSettings = {
				BUNDLE_LOADER = "$(TEST_HOST)";
				CODE_SIGN_STYLE = Automatic;
				INFOPLIST_FILE = "Smart Farming AppTests/Info.plist";
				LD_RUNPATH_SEARCH_PATHS = "$(inherited) @executable_path/Frameworks @loader_path/Frameworks";
				PRODUCT_BUNDLE_IDENTIFIER = "smartfarming.Smart-Farming-AppTests";
				PRODUCT_NAME = "$(TARGET_NAME)";
				TARGETED_DEVICE_FAMILY = "1,2";
				TEST_HOST = "$(BUILT_PRODUCTS_DIR)/Smart Farming App.app/Smart Farming App";
			};
			name = Release;
		};
		1116BA601F8C5866005C9AFF /* Debug */ = {
			isa = XCBuildConfiguration;
			baseConfigurationReference = A31BF76F63193F1D17D68FEC /* Pods-Smart Farming AppUITests.debug.xcconfig */;
			buildSettings = {
				CODE_SIGN_STYLE = Automatic;
				INFOPLIST_FILE = "Smart Farming AppUITests/Info.plist";
				LD_RUNPATH_SEARCH_PATHS = "$(inherited) @executable_path/Frameworks @loader_path/Frameworks";
				PRODUCT_BUNDLE_IDENTIFIER = "smartfarming.Smart-Farming-AppUITests";
				PRODUCT_NAME = "$(TARGET_NAME)";
				TARGETED_DEVICE_FAMILY = "1,2";
				TEST_TARGET_NAME = "Smart Farming App";
			};
			name = Debug;
		};
		1116BA611F8C5866005C9AFF /* Release */ = {
			isa = XCBuildConfiguration;
			baseConfigurationReference = 02958B0F78B72D3983C840CA /* Pods-Smart Farming AppUITests.release.xcconfig */;
			buildSettings = {
				CODE_SIGN_STYLE = Automatic;
				INFOPLIST_FILE = "Smart Farming AppUITests/Info.plist";
				LD_RUNPATH_SEARCH_PATHS = "$(inherited) @executable_path/Frameworks @loader_path/Frameworks";
				PRODUCT_BUNDLE_IDENTIFIER = "smartfarming.Smart-Farming-AppUITests";
				PRODUCT_NAME = "$(TARGET_NAME)";
				TARGETED_DEVICE_FAMILY = "1,2";
				TEST_TARGET_NAME = "Smart Farming App";
			};
			name = Release;
		};
/* End XCBuildConfiguration section */

/* Begin XCConfigurationList section */
		1116BA281F8C5866005C9AFF /* Build configuration list for PBXProject "Smart Farming App" */ = {
			isa = XCConfigurationList;
			buildConfigurations = (
				1116BA571F8C5866005C9AFF /* Debug */,
				1116BA581F8C5866005C9AFF /* Release */,
			);
			defaultConfigurationIsVisible = 0;
			defaultConfigurationName = Release;
		};
		1116BA591F8C5866005C9AFF /* Build configuration list for PBXNativeTarget "Smart Farming App" */ = {
			isa = XCConfigurationList;
			buildConfigurations = (
				1116BA5A1F8C5866005C9AFF /* Debug */,
				1116BA5B1F8C5866005C9AFF /* Release */,
			);
			defaultConfigurationIsVisible = 0;
			defaultConfigurationName = Release;
		};
		1116BA5C1F8C5866005C9AFF /* Build configuration list for PBXNativeTarget "Smart Farming AppTests" */ = {
			isa = XCConfigurationList;
			buildConfigurations = (
				1116BA5D1F8C5866005C9AFF /* Debug */,
				1116BA5E1F8C5866005C9AFF /* Release */,
			);
			defaultConfigurationIsVisible = 0;
			defaultConfigurationName = Release;
		};
		1116BA5F1F8C5866005C9AFF /* Build configuration list for PBXNativeTarget "Smart Farming AppUITests" */ = {
			isa = XCConfigurationList;
			buildConfigurations = (
				1116BA601F8C5866005C9AFF /* Debug */,
				1116BA611F8C5866005C9AFF /* Release */,
			);
			defaultConfigurationIsVisible = 0;
			defaultConfigurationName = Release;
		};
/* End XCConfigurationList section */
	};
	rootObject = 1116BA251F8C5866005C9AFF /* Project object */;
}
