// !$*UTF8*$!
{
	archiveVersion = 1;
	classes = {
	};
	objectVersion = 46;
	objects = {

/* Begin PBXBuildFile section */
		76B6DDDD9C03169D05F287C9 /* libPods-proyectoRiego2017.a in Frameworks */ = {isa = PBXBuildFile; fileRef = 09118ECC832AFFC4BDB5587D /* libPods-proyectoRiego2017.a */; };
		A13B7B401F7437700016F5AD /* PRViewControllerBase.m in Sources */ = {isa = PBXBuildFile; fileRef = A13B7B3F1F7437700016F5AD /* PRViewControllerBase.m */; };
		A13B7B441F743F660016F5AD /* PRPantallaActivityIndicator.m in Sources */ = {isa = PBXBuildFile; fileRef = A13B7B431F743F660016F5AD /* PRPantallaActivityIndicator.m */; };
		A13B7B481F74408C0016F5AD /* PRUtils.m in Sources */ = {isa = PBXBuildFile; fileRef = A13B7B471F74408C0016F5AD /* PRUtils.m */; };
		A13B7B4B1F7441B80016F5AD /* PRConstantesComunes.m in Sources */ = {isa = PBXBuildFile; fileRef = A13B7B4A1F7441B80016F5AD /* PRConstantesComunes.m */; };
		A1CFF8381F74341E00425B70 /* main.m in Sources */ = {isa = PBXBuildFile; fileRef = A1CFF8371F74341E00425B70 /* main.m */; };
		A1CFF83B1F74341E00425B70 /* AppDelegate.m in Sources */ = {isa = PBXBuildFile; fileRef = A1CFF83A1F74341E00425B70 /* AppDelegate.m */; };
		A1CFF83E1F74341E00425B70 /* MasterViewController.m in Sources */ = {isa = PBXBuildFile; fileRef = A1CFF83D1F74341E00425B70 /* MasterViewController.m */; };
		A1CFF8411F74341E00425B70 /* DetailViewController.m in Sources */ = {isa = PBXBuildFile; fileRef = A1CFF8401F74341E00425B70 /* DetailViewController.m */; };
		A1CFF8441F74341E00425B70 /* Main.storyboard in Resources */ = {isa = PBXBuildFile; fileRef = A1CFF8421F74341E00425B70 /* Main.storyboard */; };
		A1CFF8461F74341E00425B70 /* Assets.xcassets in Resources */ = {isa = PBXBuildFile; fileRef = A1CFF8451F74341E00425B70 /* Assets.xcassets */; };
		A1CFF8491F74341E00425B70 /* LaunchScreen.storyboard in Resources */ = {isa = PBXBuildFile; fileRef = A1CFF8471F74341E00425B70 /* LaunchScreen.storyboard */; };
		A1CFF8541F74341E00425B70 /* proyectoRiego2017Tests.m in Sources */ = {isa = PBXBuildFile; fileRef = A1CFF8531F74341E00425B70 /* proyectoRiego2017Tests.m */; };
		A1CFF85F1F74341E00425B70 /* proyectoRiego2017UITests.m in Sources */ = {isa = PBXBuildFile; fileRef = A1CFF85E1F74341E00425B70 /* proyectoRiego2017UITests.m */; };
		A1CFF87C1F74355B00425B70 /* BaseServicios.m in Sources */ = {isa = PBXBuildFile; fileRef = A1CFF8731F74355B00425B70 /* BaseServicios.m */; };
		A1CFF87D1F74355B00425B70 /* ContextoUsuario.m in Sources */ = {isa = PBXBuildFile; fileRef = A1CFF8751F74355B00425B70 /* ContextoUsuario.m */; };
		A1CFF87E1F74355B00425B70 /* HTTPConector.m in Sources */ = {isa = PBXBuildFile; fileRef = A1CFF8771F74355B00425B70 /* HTTPConector.m */; };
		A1CFF87F1F74355B00425B70 /* ServiciosModuloFinca.m in Sources */ = {isa = PBXBuildFile; fileRef = A1CFF8791F74355B00425B70 /* ServiciosModuloFinca.m */; };
		A1CFF8801F74355B00425B70 /* ServiciosModuloSeguridad.m in Sources */ = {isa = PBXBuildFile; fileRef = A1CFF87B1F74355B00425B70 /* ServiciosModuloSeguridad.m */; };
/* End PBXBuildFile section */

/* Begin PBXContainerItemProxy section */
		A1CFF8501F74341E00425B70 /* PBXContainerItemProxy */ = {
			isa = PBXContainerItemProxy;
			containerPortal = A1CFF82B1F74341E00425B70 /* Project object */;
			proxyType = 1;
			remoteGlobalIDString = A1CFF8321F74341E00425B70;
			remoteInfo = proyectoRiego2017;
		};
		A1CFF85B1F74341E00425B70 /* PBXContainerItemProxy */ = {
			isa = PBXContainerItemProxy;
			containerPortal = A1CFF82B1F74341E00425B70 /* Project object */;
			proxyType = 1;
			remoteGlobalIDString = A1CFF8321F74341E00425B70;
			remoteInfo = proyectoRiego2017;
		};
/* End PBXContainerItemProxy section */

/* Begin PBXFileReference section */
		09118ECC832AFFC4BDB5587D /* libPods-proyectoRiego2017.a */ = {isa = PBXFileReference; explicitFileType = archive.ar; includeInIndex = 0; path = "libPods-proyectoRiego2017.a"; sourceTree = BUILT_PRODUCTS_DIR; };
		27C50627D069653957F26456 /* Pods-proyectoRiego2017.release.xcconfig */ = {isa = PBXFileReference; includeInIndex = 1; lastKnownFileType = text.xcconfig; name = "Pods-proyectoRiego2017.release.xcconfig"; path = "Pods/Target Support Files/Pods-proyectoRiego2017/Pods-proyectoRiego2017.release.xcconfig"; sourceTree = "<group>"; };
		83ED5A5727A7F424D1733177 /* Pods-proyectoRiego2017.debug.xcconfig */ = {isa = PBXFileReference; includeInIndex = 1; lastKnownFileType = text.xcconfig; name = "Pods-proyectoRiego2017.debug.xcconfig"; path = "Pods/Target Support Files/Pods-proyectoRiego2017/Pods-proyectoRiego2017.debug.xcconfig"; sourceTree = "<group>"; };
		A13B7B3E1F7437700016F5AD /* PRViewControllerBase.h */ = {isa = PBXFileReference; fileEncoding = 4; lastKnownFileType = sourcecode.c.h; name = PRViewControllerBase.h; path = Source/PRViewControllerBase.h; sourceTree = "<group>"; };
		A13B7B3F1F7437700016F5AD /* PRViewControllerBase.m */ = {isa = PBXFileReference; fileEncoding = 4; lastKnownFileType = sourcecode.c.objc; name = PRViewControllerBase.m; path = Source/PRViewControllerBase.m; sourceTree = "<group>"; };
		A13B7B421F743F660016F5AD /* PRPantallaActivityIndicator.h */ = {isa = PBXFileReference; fileEncoding = 4; lastKnownFileType = sourcecode.c.h; name = PRPantallaActivityIndicator.h; path = Source/PRPantallaActivityIndicator.h; sourceTree = "<group>"; };
		A13B7B431F743F660016F5AD /* PRPantallaActivityIndicator.m */ = {isa = PBXFileReference; fileEncoding = 4; lastKnownFileType = sourcecode.c.objc; name = PRPantallaActivityIndicator.m; path = Source/PRPantallaActivityIndicator.m; sourceTree = "<group>"; };
		A13B7B461F74408C0016F5AD /* PRUtils.h */ = {isa = PBXFileReference; fileEncoding = 4; lastKnownFileType = sourcecode.c.h; name = PRUtils.h; path = Source/PRUtils.h; sourceTree = "<group>"; };
		A13B7B471F74408C0016F5AD /* PRUtils.m */ = {isa = PBXFileReference; fileEncoding = 4; lastKnownFileType = sourcecode.c.objc; name = PRUtils.m; path = Source/PRUtils.m; sourceTree = "<group>"; };
		A13B7B491F7441B80016F5AD /* PRConstantesComunes.h */ = {isa = PBXFileReference; fileEncoding = 4; lastKnownFileType = sourcecode.c.h; name = PRConstantesComunes.h; path = Source/PRConstantesComunes.h; sourceTree = "<group>"; };
		A13B7B4A1F7441B80016F5AD /* PRConstantesComunes.m */ = {isa = PBXFileReference; fileEncoding = 4; lastKnownFileType = sourcecode.c.objc; name = PRConstantesComunes.m; path = Source/PRConstantesComunes.m; sourceTree = "<group>"; };
		A1CFF8331F74341E00425B70 /* proyectoRiego2017.app */ = {isa = PBXFileReference; explicitFileType = wrapper.application; includeInIndex = 0; path = proyectoRiego2017.app; sourceTree = BUILT_PRODUCTS_DIR; };
		A1CFF8371F74341E00425B70 /* main.m */ = {isa = PBXFileReference; lastKnownFileType = sourcecode.c.objc; path = main.m; sourceTree = "<group>"; };
		A1CFF8391F74341E00425B70 /* AppDelegate.h */ = {isa = PBXFileReference; lastKnownFileType = sourcecode.c.h; path = AppDelegate.h; sourceTree = "<group>"; };
		A1CFF83A1F74341E00425B70 /* AppDelegate.m */ = {isa = PBXFileReference; lastKnownFileType = sourcecode.c.objc; path = AppDelegate.m; sourceTree = "<group>"; };
		A1CFF83C1F74341E00425B70 /* MasterViewController.h */ = {isa = PBXFileReference; lastKnownFileType = sourcecode.c.h; path = MasterViewController.h; sourceTree = "<group>"; };
		A1CFF83D1F74341E00425B70 /* MasterViewController.m */ = {isa = PBXFileReference; lastKnownFileType = sourcecode.c.objc; path = MasterViewController.m; sourceTree = "<group>"; };
		A1CFF83F1F74341E00425B70 /* DetailViewController.h */ = {isa = PBXFileReference; lastKnownFileType = sourcecode.c.h; path = DetailViewController.h; sourceTree = "<group>"; };
		A1CFF8401F74341E00425B70 /* DetailViewController.m */ = {isa = PBXFileReference; lastKnownFileType = sourcecode.c.objc; path = DetailViewController.m; sourceTree = "<group>"; };
		A1CFF8431F74341E00425B70 /* Base */ = {isa = PBXFileReference; lastKnownFileType = file.storyboard; name = Base; path = Base.lproj/Main.storyboard; sourceTree = "<group>"; };
		A1CFF8451F74341E00425B70 /* Assets.xcassets */ = {isa = PBXFileReference; lastKnownFileType = folder.assetcatalog; path = Assets.xcassets; sourceTree = "<group>"; };
		A1CFF8481F74341E00425B70 /* Base */ = {isa = PBXFileReference; lastKnownFileType = file.storyboard; name = Base; path = Base.lproj/LaunchScreen.storyboard; sourceTree = "<group>"; };
		A1CFF84A1F74341E00425B70 /* Info.plist */ = {isa = PBXFileReference; lastKnownFileType = text.plist.xml; path = Info.plist; sourceTree = "<group>"; };
		A1CFF84F1F74341E00425B70 /* proyectoRiego2017Tests.xctest */ = {isa = PBXFileReference; explicitFileType = wrapper.cfbundle; includeInIndex = 0; path = proyectoRiego2017Tests.xctest; sourceTree = BUILT_PRODUCTS_DIR; };
		A1CFF8531F74341E00425B70 /* proyectoRiego2017Tests.m */ = {isa = PBXFileReference; lastKnownFileType = sourcecode.c.objc; path = proyectoRiego2017Tests.m; sourceTree = "<group>"; };
		A1CFF8551F74341E00425B70 /* Info.plist */ = {isa = PBXFileReference; lastKnownFileType = text.plist.xml; path = Info.plist; sourceTree = "<group>"; };
		A1CFF85A1F74341E00425B70 /* proyectoRiego2017UITests.xctest */ = {isa = PBXFileReference; explicitFileType = wrapper.cfbundle; includeInIndex = 0; path = proyectoRiego2017UITests.xctest; sourceTree = BUILT_PRODUCTS_DIR; };
		A1CFF85E1F74341E00425B70 /* proyectoRiego2017UITests.m */ = {isa = PBXFileReference; lastKnownFileType = sourcecode.c.objc; path = proyectoRiego2017UITests.m; sourceTree = "<group>"; };
		A1CFF8601F74341E00425B70 /* Info.plist */ = {isa = PBXFileReference; lastKnownFileType = text.plist.xml; path = Info.plist; sourceTree = "<group>"; };
		A1CFF8721F74355B00425B70 /* BaseServicios.h */ = {isa = PBXFileReference; fileEncoding = 4; lastKnownFileType = sourcecode.c.h; name = BaseServicios.h; path = Source/BaseServicios.h; sourceTree = "<group>"; };
		A1CFF8731F74355B00425B70 /* BaseServicios.m */ = {isa = PBXFileReference; fileEncoding = 4; lastKnownFileType = sourcecode.c.objc; name = BaseServicios.m; path = Source/BaseServicios.m; sourceTree = "<group>"; };
		A1CFF8741F74355B00425B70 /* ContextoUsuario.h */ = {isa = PBXFileReference; fileEncoding = 4; lastKnownFileType = sourcecode.c.h; name = ContextoUsuario.h; path = Source/ContextoUsuario.h; sourceTree = "<group>"; };
		A1CFF8751F74355B00425B70 /* ContextoUsuario.m */ = {isa = PBXFileReference; fileEncoding = 4; lastKnownFileType = sourcecode.c.objc; name = ContextoUsuario.m; path = Source/ContextoUsuario.m; sourceTree = "<group>"; };
		A1CFF8761F74355B00425B70 /* HTTPConector.h */ = {isa = PBXFileReference; fileEncoding = 4; lastKnownFileType = sourcecode.c.h; name = HTTPConector.h; path = Source/HTTPConector.h; sourceTree = "<group>"; };
		A1CFF8771F74355B00425B70 /* HTTPConector.m */ = {isa = PBXFileReference; fileEncoding = 4; lastKnownFileType = sourcecode.c.objc; name = HTTPConector.m; path = Source/HTTPConector.m; sourceTree = "<group>"; };
		A1CFF8781F74355B00425B70 /* ServiciosModuloFinca.h */ = {isa = PBXFileReference; fileEncoding = 4; lastKnownFileType = sourcecode.c.h; name = ServiciosModuloFinca.h; path = Source/ServiciosModuloFinca.h; sourceTree = "<group>"; };
		A1CFF8791F74355B00425B70 /* ServiciosModuloFinca.m */ = {isa = PBXFileReference; fileEncoding = 4; lastKnownFileType = sourcecode.c.objc; name = ServiciosModuloFinca.m; path = Source/ServiciosModuloFinca.m; sourceTree = "<group>"; };
		A1CFF87A1F74355B00425B70 /* ServiciosModuloSeguridad.h */ = {isa = PBXFileReference; fileEncoding = 4; lastKnownFileType = sourcecode.c.h; name = ServiciosModuloSeguridad.h; path = Source/ServiciosModuloSeguridad.h; sourceTree = "<group>"; };
		A1CFF87B1F74355B00425B70 /* ServiciosModuloSeguridad.m */ = {isa = PBXFileReference; fileEncoding = 4; lastKnownFileType = sourcecode.c.objc; name = ServiciosModuloSeguridad.m; path = Source/ServiciosModuloSeguridad.m; sourceTree = "<group>"; };
/* End PBXFileReference section */

/* Begin PBXFrameworksBuildPhase section */
		A1CFF8301F74341E00425B70 /* Frameworks */ = {
			isa = PBXFrameworksBuildPhase;
			buildActionMask = 2147483647;
			files = (
				76B6DDDD9C03169D05F287C9 /* libPods-proyectoRiego2017.a in Frameworks */,
			);
			runOnlyForDeploymentPostprocessing = 0;
		};
		A1CFF84C1F74341E00425B70 /* Frameworks */ = {
			isa = PBXFrameworksBuildPhase;
			buildActionMask = 2147483647;
			files = (
			);
			runOnlyForDeploymentPostprocessing = 0;
		};
		A1CFF8571F74341E00425B70 /* Frameworks */ = {
			isa = PBXFrameworksBuildPhase;
			buildActionMask = 2147483647;
			files = (
			);
			runOnlyForDeploymentPostprocessing = 0;
		};
/* End PBXFrameworksBuildPhase section */

/* Begin PBXGroup section */
		3E3D19006FEF5949A336000B /* Pods */ = {
			isa = PBXGroup;
			children = (
				83ED5A5727A7F424D1733177 /* Pods-proyectoRiego2017.debug.xcconfig */,
				27C50627D069653957F26456 /* Pods-proyectoRiego2017.release.xcconfig */,
			);
			name = Pods;
			sourceTree = "<group>";
		};
		7936BEDA06BCDC7CB5A502E6 /* Frameworks */ = {
			isa = PBXGroup;
			children = (
				09118ECC832AFFC4BDB5587D /* libPods-proyectoRiego2017.a */,
			);
			name = Frameworks;
			sourceTree = "<group>";
		};
		A13B7B3D1F7437460016F5AD /* Controladores Generales */ = {
			isa = PBXGroup;
			children = (
				A13B7B3E1F7437700016F5AD /* PRViewControllerBase.h */,
				A13B7B3F1F7437700016F5AD /* PRViewControllerBase.m */,
			);
			name = "Controladores Generales";
			sourceTree = "<group>";
		};
		A13B7B411F743D410016F5AD /* Vistas Generales */ = {
			isa = PBXGroup;
			children = (
				A13B7B421F743F660016F5AD /* PRPantallaActivityIndicator.h */,
				A13B7B431F743F660016F5AD /* PRPantallaActivityIndicator.m */,
			);
			name = "Vistas Generales";
			sourceTree = "<group>";
		};
		A1CFF82A1F74341E00425B70 = {
			isa = PBXGroup;
			children = (
				A1CFF8351F74341E00425B70 /* proyectoRiego2017 */,
				A1CFF8521F74341E00425B70 /* proyectoRiego2017Tests */,
				A1CFF85D1F74341E00425B70 /* proyectoRiego2017UITests */,
				A1CFF8341F74341E00425B70 /* Products */,
				3E3D19006FEF5949A336000B /* Pods */,
				7936BEDA06BCDC7CB5A502E6 /* Frameworks */,
			);
			sourceTree = "<group>";
		};
		A1CFF8341F74341E00425B70 /* Products */ = {
			isa = PBXGroup;
			children = (
				A1CFF8331F74341E00425B70 /* proyectoRiego2017.app */,
				A1CFF84F1F74341E00425B70 /* proyectoRiego2017Tests.xctest */,
				A1CFF85A1F74341E00425B70 /* proyectoRiego2017UITests.xctest */,
			);
			name = Products;
			sourceTree = "<group>";
		};
		A1CFF8351F74341E00425B70 /* proyectoRiego2017 */ = {
			isa = PBXGroup;
			children = (
				A1CFF86E1F7434C300425B70 /* ConexionBackEnd */,
				A1CFF86D1F7434BA00425B70 /* Vistas */,
				A1CFF86C1F7434A600425B70 /* Controladores */,
				A1CFF86F1F7434DE00425B70 /* Utils */,
				A1CFF8391F74341E00425B70 /* AppDelegate.h */,
				A1CFF83A1F74341E00425B70 /* AppDelegate.m */,
				A1CFF8421F74341E00425B70 /* Main.storyboard */,
				A1CFF8451F74341E00425B70 /* Assets.xcassets */,
				A1CFF8471F74341E00425B70 /* LaunchScreen.storyboard */,
				A1CFF84A1F74341E00425B70 /* Info.plist */,
				A1CFF8361F74341E00425B70 /* Supporting Files */,
			);
			path = proyectoRiego2017;
			sourceTree = "<group>";
		};
		A1CFF8361F74341E00425B70 /* Supporting Files */ = {
			isa = PBXGroup;
			children = (
				A1CFF8371F74341E00425B70 /* main.m */,
			);
			name = "Supporting Files";
			sourceTree = "<group>";
		};
		A1CFF8521F74341E00425B70 /* proyectoRiego2017Tests */ = {
			isa = PBXGroup;
			children = (
				A1CFF8531F74341E00425B70 /* proyectoRiego2017Tests.m */,
				A1CFF8551F74341E00425B70 /* Info.plist */,
			);
			path = proyectoRiego2017Tests;
			sourceTree = "<group>";
		};
		A1CFF85D1F74341E00425B70 /* proyectoRiego2017UITests */ = {
			isa = PBXGroup;
			children = (
				A1CFF85E1F74341E00425B70 /* proyectoRiego2017UITests.m */,
				A1CFF8601F74341E00425B70 /* Info.plist */,
			);
			path = proyectoRiego2017UITests;
			sourceTree = "<group>";
		};
		A1CFF86C1F7434A600425B70 /* Controladores */ = {
			isa = PBXGroup;
			children = (
				A13B7B3D1F7437460016F5AD /* Controladores Generales */,
				A1CFF83C1F74341E00425B70 /* MasterViewController.h */,
				A1CFF83D1F74341E00425B70 /* MasterViewController.m */,
				A1CFF83F1F74341E00425B70 /* DetailViewController.h */,
				A1CFF8401F74341E00425B70 /* DetailViewController.m */,
			);
			name = Controladores;
			sourceTree = "<group>";
		};
		A1CFF86D1F7434BA00425B70 /* Vistas */ = {
			isa = PBXGroup;
			children = (
				A13B7B411F743D410016F5AD /* Vistas Generales */,
			);
			name = Vistas;
			sourceTree = "<group>";
		};
		A1CFF86E1F7434C300425B70 /* ConexionBackEnd */ = {
			isa = PBXGroup;
			children = (
				A1CFF8721F74355B00425B70 /* BaseServicios.h */,
				A1CFF8731F74355B00425B70 /* BaseServicios.m */,
				A1CFF8781F74355B00425B70 /* ServiciosModuloFinca.h */,
				A1CFF8791F74355B00425B70 /* ServiciosModuloFinca.m */,
				A1CFF87A1F74355B00425B70 /* ServiciosModuloSeguridad.h */,
				A1CFF87B1F74355B00425B70 /* ServiciosModuloSeguridad.m */,
				A1CFF8711F74351B00425B70 /* Conexion Utils */,
				A1CFF8701F74350700425B70 /* Conexion DTOs */,
			);
			name = ConexionBackEnd;
			sourceTree = "<group>";
		};
		A1CFF86F1F7434DE00425B70 /* Utils */ = {
			isa = PBXGroup;
			children = (
				A13B7B461F74408C0016F5AD /* PRUtils.h */,
				A13B7B471F74408C0016F5AD /* PRUtils.m */,
				A13B7B491F7441B80016F5AD /* PRConstantesComunes.h */,
				A13B7B4A1F7441B80016F5AD /* PRConstantesComunes.m */,
			);
			name = Utils;
			sourceTree = "<group>";
		};
		A1CFF8701F74350700425B70 /* Conexion DTOs */ = {
			isa = PBXGroup;
			children = (
			);
			name = "Conexion DTOs";
			sourceTree = "<group>";
		};
		A1CFF8711F74351B00425B70 /* Conexion Utils */ = {
			isa = PBXGroup;
			children = (
				A1CFF8741F74355B00425B70 /* ContextoUsuario.h */,
				A1CFF8751F74355B00425B70 /* ContextoUsuario.m */,
				A1CFF8761F74355B00425B70 /* HTTPConector.h */,
				A1CFF8771F74355B00425B70 /* HTTPConector.m */,
			);
			name = "Conexion Utils";
			sourceTree = "<group>";
		};
/* End PBXGroup section */

/* Begin PBXNativeTarget section */
		A1CFF8321F74341E00425B70 /* proyectoRiego2017 */ = {
			isa = PBXNativeTarget;
			buildConfigurationList = A1CFF8631F74341E00425B70 /* Build configuration list for PBXNativeTarget "proyectoRiego2017" */;
			buildPhases = (
				8E118D13D650B602D2EBE4DF /* Check Pods Manifest.lock */,
				A1CFF82F1F74341E00425B70 /* Sources */,
				A1CFF8301F74341E00425B70 /* Frameworks */,
				A1CFF8311F74341E00425B70 /* Resources */,
				264BB9901BCAB56BA82FD3C9 /* Embed Pods Frameworks */,
				F50A6B34D16A3D870A4B6492 /* Copy Pods Resources */,
			);
			buildRules = (
			);
			dependencies = (
			);
			name = proyectoRiego2017;
			productName = proyectoRiego2017;
			productReference = A1CFF8331F74341E00425B70 /* proyectoRiego2017.app */;
			productType = "com.apple.product-type.application";
		};
		A1CFF84E1F74341E00425B70 /* proyectoRiego2017Tests */ = {
			isa = PBXNativeTarget;
			buildConfigurationList = A1CFF8661F74341E00425B70 /* Build configuration list for PBXNativeTarget "proyectoRiego2017Tests" */;
			buildPhases = (
				A1CFF84B1F74341E00425B70 /* Sources */,
				A1CFF84C1F74341E00425B70 /* Frameworks */,
				A1CFF84D1F74341E00425B70 /* Resources */,
			);
			buildRules = (
			);
			dependencies = (
				A1CFF8511F74341E00425B70 /* PBXTargetDependency */,
			);
			name = proyectoRiego2017Tests;
			productName = proyectoRiego2017Tests;
			productReference = A1CFF84F1F74341E00425B70 /* proyectoRiego2017Tests.xctest */;
			productType = "com.apple.product-type.bundle.unit-test";
		};
		A1CFF8591F74341E00425B70 /* proyectoRiego2017UITests */ = {
			isa = PBXNativeTarget;
			buildConfigurationList = A1CFF8691F74341E00425B70 /* Build configuration list for PBXNativeTarget "proyectoRiego2017UITests" */;
			buildPhases = (
				A1CFF8561F74341E00425B70 /* Sources */,
				A1CFF8571F74341E00425B70 /* Frameworks */,
				A1CFF8581F74341E00425B70 /* Resources */,
			);
			buildRules = (
			);
			dependencies = (
				A1CFF85C1F74341E00425B70 /* PBXTargetDependency */,
			);
			name = proyectoRiego2017UITests;
			productName = proyectoRiego2017UITests;
			productReference = A1CFF85A1F74341E00425B70 /* proyectoRiego2017UITests.xctest */;
			productType = "com.apple.product-type.bundle.ui-testing";
		};
/* End PBXNativeTarget section */

/* Begin PBXProject section */
		A1CFF82B1F74341E00425B70 /* Project object */ = {
			isa = PBXProject;
			attributes = {
				LastUpgradeCheck = 0830;
				ORGANIZATIONNAME = "Facundo José Palma";
				TargetAttributes = {
					A1CFF8321F74341E00425B70 = {
						CreatedOnToolsVersion = 8.3.2;
						DevelopmentTeam = ZKE9H755D4;
						ProvisioningStyle = Automatic;
					};
					A1CFF84E1F74341E00425B70 = {
						CreatedOnToolsVersion = 8.3.2;
						DevelopmentTeam = ZKE9H755D4;
						ProvisioningStyle = Automatic;
						TestTargetID = A1CFF8321F74341E00425B70;
					};
					A1CFF8591F74341E00425B70 = {
						CreatedOnToolsVersion = 8.3.2;
						DevelopmentTeam = ZKE9H755D4;
						ProvisioningStyle = Automatic;
						TestTargetID = A1CFF8321F74341E00425B70;
					};
				};
			};
			buildConfigurationList = A1CFF82E1F74341E00425B70 /* Build configuration list for PBXProject "proyectoRiego2017" */;
			compatibilityVersion = "Xcode 3.2";
			developmentRegion = English;
			hasScannedForEncodings = 0;
			knownRegions = (
				en,
				Base,
			);
			mainGroup = A1CFF82A1F74341E00425B70;
			productRefGroup = A1CFF8341F74341E00425B70 /* Products */;
			projectDirPath = "";
			projectRoot = "";
			targets = (
				A1CFF8321F74341E00425B70 /* proyectoRiego2017 */,
				A1CFF84E1F74341E00425B70 /* proyectoRiego2017Tests */,
				A1CFF8591F74341E00425B70 /* proyectoRiego2017UITests */,
			);
		};
/* End PBXProject section */

/* Begin PBXResourcesBuildPhase section */
		A1CFF8311F74341E00425B70 /* Resources */ = {
			isa = PBXResourcesBuildPhase;
			buildActionMask = 2147483647;
			files = (
				A1CFF8491F74341E00425B70 /* LaunchScreen.storyboard in Resources */,
				A1CFF8461F74341E00425B70 /* Assets.xcassets in Resources */,
				A1CFF8441F74341E00425B70 /* Main.storyboard in Resources */,
			);
			runOnlyForDeploymentPostprocessing = 0;
		};
		A1CFF84D1F74341E00425B70 /* Resources */ = {
			isa = PBXResourcesBuildPhase;
			buildActionMask = 2147483647;
			files = (
			);
			runOnlyForDeploymentPostprocessing = 0;
		};
		A1CFF8581F74341E00425B70 /* Resources */ = {
			isa = PBXResourcesBuildPhase;
			buildActionMask = 2147483647;
			files = (
			);
			runOnlyForDeploymentPostprocessing = 0;
		};
/* End PBXResourcesBuildPhase section */

/* Begin PBXShellScriptBuildPhase section */
		264BB9901BCAB56BA82FD3C9 /* Embed Pods Frameworks */ = {
			isa = PBXShellScriptBuildPhase;
			buildActionMask = 2147483647;
			files = (
			);
			inputPaths = (
			);
			name = "Embed Pods Frameworks";
			outputPaths = (
			);
			runOnlyForDeploymentPostprocessing = 0;
			shellPath = /bin/sh;
			shellScript = "\"${SRCROOT}/Pods/Target Support Files/Pods-proyectoRiego2017/Pods-proyectoRiego2017-frameworks.sh\"\n";
			showEnvVarsInLog = 0;
		};
		8E118D13D650B602D2EBE4DF /* Check Pods Manifest.lock */ = {
			isa = PBXShellScriptBuildPhase;
			buildActionMask = 2147483647;
			files = (
			);
			inputPaths = (
			);
			name = "Check Pods Manifest.lock";
			outputPaths = (
			);
			runOnlyForDeploymentPostprocessing = 0;
			shellPath = /bin/sh;
			shellScript = "diff \"${PODS_ROOT}/../Podfile.lock\" \"${PODS_ROOT}/Manifest.lock\" > /dev/null\nif [[ $? != 0 ]] ; then\n    cat << EOM\nerror: The sandbox is not in sync with the Podfile.lock. Run 'pod install' or update your CocoaPods installation.\nEOM\n    exit 1\nfi\n";
			showEnvVarsInLog = 0;
		};
		F50A6B34D16A3D870A4B6492 /* Copy Pods Resources */ = {
			isa = PBXShellScriptBuildPhase;
			buildActionMask = 2147483647;
			files = (
			);
			inputPaths = (
			);
			name = "Copy Pods Resources";
			outputPaths = (
			);
			runOnlyForDeploymentPostprocessing = 0;
			shellPath = /bin/sh;
			shellScript = "\"${SRCROOT}/Pods/Target Support Files/Pods-proyectoRiego2017/Pods-proyectoRiego2017-resources.sh\"\n";
			showEnvVarsInLog = 0;
		};
/* End PBXShellScriptBuildPhase section */

/* Begin PBXSourcesBuildPhase section */
		A1CFF82F1F74341E00425B70 /* Sources */ = {
			isa = PBXSourcesBuildPhase;
			buildActionMask = 2147483647;
			files = (
				A1CFF87D1F74355B00425B70 /* ContextoUsuario.m in Sources */,
				A1CFF87F1F74355B00425B70 /* ServiciosModuloFinca.m in Sources */,
				A1CFF87E1F74355B00425B70 /* HTTPConector.m in Sources */,
				A13B7B441F743F660016F5AD /* PRPantallaActivityIndicator.m in Sources */,
				A13B7B4B1F7441B80016F5AD /* PRConstantesComunes.m in Sources */,
				A1CFF83B1F74341E00425B70 /* AppDelegate.m in Sources */,
				A13B7B401F7437700016F5AD /* PRViewControllerBase.m in Sources */,
				A1CFF83E1F74341E00425B70 /* MasterViewController.m in Sources */,
				A13B7B481F74408C0016F5AD /* PRUtils.m in Sources */,
				A1CFF8381F74341E00425B70 /* main.m in Sources */,
				A1CFF8411F74341E00425B70 /* DetailViewController.m in Sources */,
				A1CFF87C1F74355B00425B70 /* BaseServicios.m in Sources */,
				A1CFF8801F74355B00425B70 /* ServiciosModuloSeguridad.m in Sources */,
			);
			runOnlyForDeploymentPostprocessing = 0;
		};
		A1CFF84B1F74341E00425B70 /* Sources */ = {
			isa = PBXSourcesBuildPhase;
			buildActionMask = 2147483647;
			files = (
				A1CFF8541F74341E00425B70 /* proyectoRiego2017Tests.m in Sources */,
			);
			runOnlyForDeploymentPostprocessing = 0;
		};
		A1CFF8561F74341E00425B70 /* Sources */ = {
			isa = PBXSourcesBuildPhase;
			buildActionMask = 2147483647;
			files = (
				A1CFF85F1F74341E00425B70 /* proyectoRiego2017UITests.m in Sources */,
			);
			runOnlyForDeploymentPostprocessing = 0;
		};
/* End PBXSourcesBuildPhase section */

/* Begin PBXTargetDependency section */
		A1CFF8511F74341E00425B70 /* PBXTargetDependency */ = {
			isa = PBXTargetDependency;
			target = A1CFF8321F74341E00425B70 /* proyectoRiego2017 */;
			targetProxy = A1CFF8501F74341E00425B70 /* PBXContainerItemProxy */;
		};
		A1CFF85C1F74341E00425B70 /* PBXTargetDependency */ = {
			isa = PBXTargetDependency;
			target = A1CFF8321F74341E00425B70 /* proyectoRiego2017 */;
			targetProxy = A1CFF85B1F74341E00425B70 /* PBXContainerItemProxy */;
		};
/* End PBXTargetDependency section */

/* Begin PBXVariantGroup section */
		A1CFF8421F74341E00425B70 /* Main.storyboard */ = {
			isa = PBXVariantGroup;
			children = (
				A1CFF8431F74341E00425B70 /* Base */,
			);
			name = Main.storyboard;
			sourceTree = "<group>";
		};
		A1CFF8471F74341E00425B70 /* LaunchScreen.storyboard */ = {
			isa = PBXVariantGroup;
			children = (
				A1CFF8481F74341E00425B70 /* Base */,
			);
			name = LaunchScreen.storyboard;
			sourceTree = "<group>";
		};
/* End PBXVariantGroup section */

/* Begin XCBuildConfiguration section */
		A1CFF8611F74341E00425B70 /* Debug */ = {
			isa = XCBuildConfiguration;
			buildSettings = {
				ALWAYS_SEARCH_USER_PATHS = NO;
				CLANG_ANALYZER_NONNULL = YES;
				CLANG_ANALYZER_NUMBER_OBJECT_CONVERSION = YES_AGGRESSIVE;
				CLANG_CXX_LANGUAGE_STANDARD = "gnu++0x";
				CLANG_CXX_LIBRARY = "libc++";
				CLANG_ENABLE_MODULES = YES;
				CLANG_ENABLE_OBJC_ARC = YES;
				CLANG_WARN_BOOL_CONVERSION = YES;
				CLANG_WARN_CONSTANT_CONVERSION = YES;
				CLANG_WARN_DIRECT_OBJC_ISA_USAGE = YES_ERROR;
				CLANG_WARN_DOCUMENTATION_COMMENTS = YES;
				CLANG_WARN_EMPTY_BODY = YES;
				CLANG_WARN_ENUM_CONVERSION = YES;
				CLANG_WARN_INFINITE_RECURSION = YES;
				CLANG_WARN_INT_CONVERSION = YES;
				CLANG_WARN_OBJC_ROOT_CLASS = YES_ERROR;
				CLANG_WARN_SUSPICIOUS_MOVE = YES;
				CLANG_WARN_UNREACHABLE_CODE = YES;
				CLANG_WARN__DUPLICATE_METHOD_MATCH = YES;
				"CODE_SIGN_IDENTITY[sdk=iphoneos*]" = "iPhone Developer";
				COPY_PHASE_STRIP = NO;
				DEBUG_INFORMATION_FORMAT = dwarf;
				ENABLE_STRICT_OBJC_MSGSEND = YES;
				ENABLE_TESTABILITY = YES;
				GCC_C_LANGUAGE_STANDARD = gnu99;
				GCC_DYNAMIC_NO_PIC = NO;
				GCC_NO_COMMON_BLOCKS = YES;
				GCC_OPTIMIZATION_LEVEL = 0;
				GCC_PREPROCESSOR_DEFINITIONS = (
					"DEBUG=1",
					"$(inherited)",
				);
				GCC_WARN_64_TO_32_BIT_CONVERSION = YES;
				GCC_WARN_ABOUT_RETURN_TYPE = YES_ERROR;
				GCC_WARN_UNDECLARED_SELECTOR = YES;
				GCC_WARN_UNINITIALIZED_AUTOS = YES_AGGRESSIVE;
				GCC_WARN_UNUSED_FUNCTION = YES;
				GCC_WARN_UNUSED_VARIABLE = YES;
				IPHONEOS_DEPLOYMENT_TARGET = 10.3;
				MTL_ENABLE_DEBUG_INFO = YES;
				ONLY_ACTIVE_ARCH = YES;
				SDKROOT = iphoneos;
			};
			name = Debug;
		};
		A1CFF8621F74341E00425B70 /* Release */ = {
			isa = XCBuildConfiguration;
			buildSettings = {
				ALWAYS_SEARCH_USER_PATHS = NO;
				CLANG_ANALYZER_NONNULL = YES;
				CLANG_ANALYZER_NUMBER_OBJECT_CONVERSION = YES_AGGRESSIVE;
				CLANG_CXX_LANGUAGE_STANDARD = "gnu++0x";
				CLANG_CXX_LIBRARY = "libc++";
				CLANG_ENABLE_MODULES = YES;
				CLANG_ENABLE_OBJC_ARC = YES;
				CLANG_WARN_BOOL_CONVERSION = YES;
				CLANG_WARN_CONSTANT_CONVERSION = YES;
				CLANG_WARN_DIRECT_OBJC_ISA_USAGE = YES_ERROR;
				CLANG_WARN_DOCUMENTATION_COMMENTS = YES;
				CLANG_WARN_EMPTY_BODY = YES;
				CLANG_WARN_ENUM_CONVERSION = YES;
				CLANG_WARN_INFINITE_RECURSION = YES;
				CLANG_WARN_INT_CONVERSION = YES;
				CLANG_WARN_OBJC_ROOT_CLASS = YES_ERROR;
				CLANG_WARN_SUSPICIOUS_MOVE = YES;
				CLANG_WARN_UNREACHABLE_CODE = YES;
				CLANG_WARN__DUPLICATE_METHOD_MATCH = YES;
				"CODE_SIGN_IDENTITY[sdk=iphoneos*]" = "iPhone Developer";
				COPY_PHASE_STRIP = NO;
				DEBUG_INFORMATION_FORMAT = "dwarf-with-dsym";
				ENABLE_NS_ASSERTIONS = NO;
				ENABLE_STRICT_OBJC_MSGSEND = YES;
				GCC_C_LANGUAGE_STANDARD = gnu99;
				GCC_NO_COMMON_BLOCKS = YES;
				GCC_WARN_64_TO_32_BIT_CONVERSION = YES;
				GCC_WARN_ABOUT_RETURN_TYPE = YES_ERROR;
				GCC_WARN_UNDECLARED_SELECTOR = YES;
				GCC_WARN_UNINITIALIZED_AUTOS = YES_AGGRESSIVE;
				GCC_WARN_UNUSED_FUNCTION = YES;
				GCC_WARN_UNUSED_VARIABLE = YES;
				IPHONEOS_DEPLOYMENT_TARGET = 10.3;
				MTL_ENABLE_DEBUG_INFO = NO;
				SDKROOT = iphoneos;
				VALIDATE_PRODUCT = YES;
			};
			name = Release;
		};
		A1CFF8641F74341E00425B70 /* Debug */ = {
			isa = XCBuildConfiguration;
			baseConfigurationReference = 83ED5A5727A7F424D1733177 /* Pods-proyectoRiego2017.debug.xcconfig */;
			buildSettings = {
				ASSETCATALOG_COMPILER_APPICON_NAME = AppIcon;
				DEVELOPMENT_TEAM = ZKE9H755D4;
				INFOPLIST_FILE = proyectoRiego2017/Info.plist;
				IPHONEOS_DEPLOYMENT_TARGET = 9.3;
				LD_RUNPATH_SEARCH_PATHS = "$(inherited) @executable_path/Frameworks";
				PRODUCT_BUNDLE_IDENTIFIER = "smart-farming.proyectoRiego2017";
				PRODUCT_NAME = "$(TARGET_NAME)";
			};
			name = Debug;
		};
		A1CFF8651F74341E00425B70 /* Release */ = {
			isa = XCBuildConfiguration;
			baseConfigurationReference = 27C50627D069653957F26456 /* Pods-proyectoRiego2017.release.xcconfig */;
			buildSettings = {
				ASSETCATALOG_COMPILER_APPICON_NAME = AppIcon;
				DEVELOPMENT_TEAM = ZKE9H755D4;
				INFOPLIST_FILE = proyectoRiego2017/Info.plist;
				IPHONEOS_DEPLOYMENT_TARGET = 9.3;
				LD_RUNPATH_SEARCH_PATHS = "$(inherited) @executable_path/Frameworks";
				PRODUCT_BUNDLE_IDENTIFIER = "smart-farming.proyectoRiego2017";
				PRODUCT_NAME = "$(TARGET_NAME)";
			};
			name = Release;
		};
		A1CFF8671F74341E00425B70 /* Debug */ = {
			isa = XCBuildConfiguration;
			buildSettings = {
				BUNDLE_LOADER = "$(TEST_HOST)";
				DEVELOPMENT_TEAM = ZKE9H755D4;
				INFOPLIST_FILE = proyectoRiego2017Tests/Info.plist;
				LD_RUNPATH_SEARCH_PATHS = "$(inherited) @executable_path/Frameworks @loader_path/Frameworks";
				PRODUCT_BUNDLE_IDENTIFIER = "smart-farming.proyectoRiego2017Tests";
				PRODUCT_NAME = "$(TARGET_NAME)";
				TEST_HOST = "$(BUILT_PRODUCTS_DIR)/proyectoRiego2017.app/proyectoRiego2017";
			};
			name = Debug;
		};
		A1CFF8681F74341E00425B70 /* Release */ = {
			isa = XCBuildConfiguration;
			buildSettings = {
				BUNDLE_LOADER = "$(TEST_HOST)";
				DEVELOPMENT_TEAM = ZKE9H755D4;
				INFOPLIST_FILE = proyectoRiego2017Tests/Info.plist;
				LD_RUNPATH_SEARCH_PATHS = "$(inherited) @executable_path/Frameworks @loader_path/Frameworks";
				PRODUCT_BUNDLE_IDENTIFIER = "smart-farming.proyectoRiego2017Tests";
				PRODUCT_NAME = "$(TARGET_NAME)";
				TEST_HOST = "$(BUILT_PRODUCTS_DIR)/proyectoRiego2017.app/proyectoRiego2017";
			};
			name = Release;
		};
		A1CFF86A1F74341E00425B70 /* Debug */ = {
			isa = XCBuildConfiguration;
			buildSettings = {
				DEVELOPMENT_TEAM = ZKE9H755D4;
				INFOPLIST_FILE = proyectoRiego2017UITests/Info.plist;
				LD_RUNPATH_SEARCH_PATHS = "$(inherited) @executable_path/Frameworks @loader_path/Frameworks";
				PRODUCT_BUNDLE_IDENTIFIER = "smart-farming.proyectoRiego2017UITests";
				PRODUCT_NAME = "$(TARGET_NAME)";
				TEST_TARGET_NAME = proyectoRiego2017;
			};
			name = Debug;
		};
		A1CFF86B1F74341E00425B70 /* Release */ = {
			isa = XCBuildConfiguration;
			buildSettings = {
				DEVELOPMENT_TEAM = ZKE9H755D4;
				INFOPLIST_FILE = proyectoRiego2017UITests/Info.plist;
				LD_RUNPATH_SEARCH_PATHS = "$(inherited) @executable_path/Frameworks @loader_path/Frameworks";
				PRODUCT_BUNDLE_IDENTIFIER = "smart-farming.proyectoRiego2017UITests";
				PRODUCT_NAME = "$(TARGET_NAME)";
				TEST_TARGET_NAME = proyectoRiego2017;
			};
			name = Release;
		};
/* End XCBuildConfiguration section */

/* Begin XCConfigurationList section */
		A1CFF82E1F74341E00425B70 /* Build configuration list for PBXProject "proyectoRiego2017" */ = {
			isa = XCConfigurationList;
			buildConfigurations = (
				A1CFF8611F74341E00425B70 /* Debug */,
				A1CFF8621F74341E00425B70 /* Release */,
			);
			defaultConfigurationIsVisible = 0;
			defaultConfigurationName = Release;
		};
		A1CFF8631F74341E00425B70 /* Build configuration list for PBXNativeTarget "proyectoRiego2017" */ = {
			isa = XCConfigurationList;
			buildConfigurations = (
				A1CFF8641F74341E00425B70 /* Debug */,
				A1CFF8651F74341E00425B70 /* Release */,
			);
			defaultConfigurationIsVisible = 0;
			defaultConfigurationName = Release;
		};
		A1CFF8661F74341E00425B70 /* Build configuration list for PBXNativeTarget "proyectoRiego2017Tests" */ = {
			isa = XCConfigurationList;
			buildConfigurations = (
				A1CFF8671F74341E00425B70 /* Debug */,
				A1CFF8681F74341E00425B70 /* Release */,
			);
			defaultConfigurationIsVisible = 0;
			defaultConfigurationName = Release;
		};
		A1CFF8691F74341E00425B70 /* Build configuration list for PBXNativeTarget "proyectoRiego2017UITests" */ = {
			isa = XCConfigurationList;
			buildConfigurations = (
				A1CFF86A1F74341E00425B70 /* Debug */,
				A1CFF86B1F74341E00425B70 /* Release */,
			);
			defaultConfigurationIsVisible = 0;
			defaultConfigurationName = Release;
		};
/* End XCConfigurationList section */
	};
	rootObject = A1CFF82B1F74341E00425B70 /* Project object */;
}
